// !$*UTF8*$!
{
	archiveVersion = 1;
	classes = {
	};
	objectVersion = 42;
	objects = {

/* Begin PBXBuildFile section */
		032E1B1212C69B72009C7FF8 /* ofxSimpleGuiButton.cpp in Sources */ = {isa = PBXBuildFile; fileRef = 032E1AEE12C69B72009C7FF8 /* ofxSimpleGuiButton.cpp */; };
		032E1B1312C69B72009C7FF8 /* ofxSimpleGuiColorPicker.cpp in Sources */ = {isa = PBXBuildFile; fileRef = 032E1AF012C69B72009C7FF8 /* ofxSimpleGuiColorPicker.cpp */; };
		032E1B1412C69B72009C7FF8 /* ofxSimpleGuiComboBox.cpp in Sources */ = {isa = PBXBuildFile; fileRef = 032E1AF212C69B72009C7FF8 /* ofxSimpleGuiComboBox.cpp */; };
		032E1B1512C69B72009C7FF8 /* ofxSimpleGuiContent.cpp in Sources */ = {isa = PBXBuildFile; fileRef = 032E1AF412C69B72009C7FF8 /* ofxSimpleGuiContent.cpp */; };
		032E1B1612C69B72009C7FF8 /* ofxSimpleGuiFPSCounter.cpp in Sources */ = {isa = PBXBuildFile; fileRef = 032E1AF612C69B72009C7FF8 /* ofxSimpleGuiFPSCounter.cpp */; };
		032E1B1712C69B72009C7FF8 /* ofxSimpleGuiMovieSlider.cpp in Sources */ = {isa = PBXBuildFile; fileRef = 032E1AF812C69B72009C7FF8 /* ofxSimpleGuiMovieSlider.cpp */; };
		032E1B1812C69B72009C7FF8 /* ofxSimpleGuiQuadWarp.cpp in Sources */ = {isa = PBXBuildFile; fileRef = 032E1AFA12C69B72009C7FF8 /* ofxSimpleGuiQuadWarp.cpp */; };
		032E1B1912C69B72009C7FF8 /* ofxSimpleGuiSlider2d.cpp in Sources */ = {isa = PBXBuildFile; fileRef = 032E1AFC12C69B72009C7FF8 /* ofxSimpleGuiSlider2d.cpp */; };
		032E1B1A12C69B72009C7FF8 /* ofxSimpleGuiTitle.cpp in Sources */ = {isa = PBXBuildFile; fileRef = 032E1B0112C69B72009C7FF8 /* ofxSimpleGuiTitle.cpp */; };
		032E1B1B12C69B72009C7FF8 /* ofxSimpleGuiToggle.cpp in Sources */ = {isa = PBXBuildFile; fileRef = 032E1B0312C69B72009C7FF8 /* ofxSimpleGuiToggle.cpp */; };
		032E1B1C12C69B72009C7FF8 /* ofxSimpleGuiConfig.cpp in Sources */ = {isa = PBXBuildFile; fileRef = 032E1B0512C69B72009C7FF8 /* ofxSimpleGuiConfig.cpp */; };
		032E1B1D12C69B72009C7FF8 /* ofxSimpleGuiControl.cpp in Sources */ = {isa = PBXBuildFile; fileRef = 032E1B0712C69B72009C7FF8 /* ofxSimpleGuiControl.cpp */; };
		032E1B1E12C69B72009C7FF8 /* ofxSimpleGuiPage.cpp in Sources */ = {isa = PBXBuildFile; fileRef = 032E1B0A12C69B72009C7FF8 /* ofxSimpleGuiPage.cpp */; };
		032E1B1F12C69B72009C7FF8 /* ofxSimpleGuiToo.cpp in Sources */ = {isa = PBXBuildFile; fileRef = 032E1B0C12C69B72009C7FF8 /* ofxSimpleGuiToo.cpp */; };
		032E1B2012C69B72009C7FF8 /* ofxSimpleGuiValueControl.cpp in Sources */ = {isa = PBXBuildFile; fileRef = 032E1B0E12C69B72009C7FF8 /* ofxSimpleGuiValueControl.cpp */; };
		03A0757312D1195B00EE7497 /* TuioClient.cpp in Sources */ = {isa = PBXBuildFile; fileRef = 03A0754B12D1195B00EE7497 /* TuioClient.cpp */; };
		03A0757412D1195B00EE7497 /* TuioServer.cpp in Sources */ = {isa = PBXBuildFile; fileRef = 03A0755212D1195B00EE7497 /* TuioServer.cpp */; };
		03A0757512D1195B00EE7497 /* TuioTime.cpp in Sources */ = {isa = PBXBuildFile; fileRef = 03A0755412D1195B00EE7497 /* TuioTime.cpp */; };
		03A0757612D1195B00EE7497 /* ofxTuioClient.cpp in Sources */ = {isa = PBXBuildFile; fileRef = 03A0755612D1195B00EE7497 /* ofxTuioClient.cpp */; };
		03A0757712D1195B00EE7497 /* ofxTuioServer.cpp in Sources */ = {isa = PBXBuildFile; fileRef = 03A0755812D1195B00EE7497 /* ofxTuioServer.cpp */; };
		03A0757A12D1195B00EE7497 /* TuioTcpXmlServer.cpp in Sources */ = {isa = PBXBuildFile; fileRef = 03A0757112D1195B00EE7497 /* TuioTcpXmlServer.cpp */; };
		03A075AA12D11AA700EE7497 /* ofxTCPClient.cpp in Sources */ = {isa = PBXBuildFile; fileRef = 03A075A212D11AA700EE7497 /* ofxTCPClient.cpp */; };
		03A075AB12D11AA700EE7497 /* ofxTCPManager.cpp in Sources */ = {isa = PBXBuildFile; fileRef = 03A075A412D11AA700EE7497 /* ofxTCPManager.cpp */; };
		03A075AC12D11AA700EE7497 /* ofxTCPServer.cpp in Sources */ = {isa = PBXBuildFile; fileRef = 03A075A612D11AA700EE7497 /* ofxTCPServer.cpp */; };
		03A075B912D11AC200EE7497 /* ofxThread.cpp in Sources */ = {isa = PBXBuildFile; fileRef = 03A075B712D11AC200EE7497 /* ofxThread.cpp */; };
		03A075EB12D11C9A00EE7497 /* libOsc.a in Frameworks */ = {isa = PBXBuildFile; fileRef = 03A075EA12D11C9A00EE7497 /* libOsc.a */; };
		03A0762512D1271D00EE7497 /* mongoose.c in Sources */ = {isa = PBXBuildFile; fileRef = 03A0762312D1271D00EE7497 /* mongoose.c */; };
		03C8BCC712BEADF30070CBD7 /* ofxWebSimpleGuiToo.cpp in Sources */ = {isa = PBXBuildFile; fileRef = 03C8BCC512BEADF30070CBD7 /* ofxWebSimpleGuiToo.cpp */; };
		03C8BCCF12BEAEA90070CBD7 /* ofxWebServer.cpp in Sources */ = {isa = PBXBuildFile; fileRef = 03C8BCCB12BEAEA90070CBD7 /* ofxWebServer.cpp */; };
		03C8BCD012BEAEA90070CBD7 /* ofxWSRequestHandler.cpp in Sources */ = {isa = PBXBuildFile; fileRef = 03C8BCCD12BEAEA90070CBD7 /* ofxWSRequestHandler.cpp */; };
		03C8BD1012BEAED10070CBD7 /* ofxMSAInteractiveObject.cpp in Sources */ = {isa = PBXBuildFile; fileRef = 03C8BD0E12BEAED10070CBD7 /* ofxMSAInteractiveObject.cpp */; };
		03C8BD1B12BEAEDB0070CBD7 /* tinyxml.cpp in Sources */ = {isa = PBXBuildFile; fileRef = 03C8BD1412BEAEDB0070CBD7 /* tinyxml.cpp */; };
		03C8BD1C12BEAEDB0070CBD7 /* tinyxmlerror.cpp in Sources */ = {isa = PBXBuildFile; fileRef = 03C8BD1612BEAEDB0070CBD7 /* tinyxmlerror.cpp */; };
		03C8BD1D12BEAEDB0070CBD7 /* tinyxmlparser.cpp in Sources */ = {isa = PBXBuildFile; fileRef = 03C8BD1712BEAEDB0070CBD7 /* tinyxmlparser.cpp */; };
		03C8BD1E12BEAEDB0070CBD7 /* ofxXmlSettings.cpp in Sources */ = {isa = PBXBuildFile; fileRef = 03C8BD1912BEAEDB0070CBD7 /* ofxXmlSettings.cpp */; };
		E45BE0AA0E8CC67C009D7055 /* GLee.a in Frameworks */ = {isa = PBXBuildFile; fileRef = E45BE0A90E8CC67C009D7055 /* GLee.a */; };
		E45BE2E40E8CC69C009D7055 /* rtAudio.a in Frameworks */ = {isa = PBXBuildFile; fileRef = E45BE2E30E8CC69C009D7055 /* rtAudio.a */; };
		E45BE97B0E8CC7DD009D7055 /* AGL.framework in Frameworks */ = {isa = PBXBuildFile; fileRef = E45BE9710E8CC7DD009D7055 /* AGL.framework */; };
		E45BE97C0E8CC7DD009D7055 /* ApplicationServices.framework in Frameworks */ = {isa = PBXBuildFile; fileRef = E45BE9720E8CC7DD009D7055 /* ApplicationServices.framework */; };
		E45BE97D0E8CC7DD009D7055 /* AudioToolbox.framework in Frameworks */ = {isa = PBXBuildFile; fileRef = E45BE9730E8CC7DD009D7055 /* AudioToolbox.framework */; };
		E45BE97E0E8CC7DD009D7055 /* Carbon.framework in Frameworks */ = {isa = PBXBuildFile; fileRef = E45BE9740E8CC7DD009D7055 /* Carbon.framework */; };
		E45BE97F0E8CC7DD009D7055 /* CoreAudio.framework in Frameworks */ = {isa = PBXBuildFile; fileRef = E45BE9750E8CC7DD009D7055 /* CoreAudio.framework */; };
		E45BE9800E8CC7DD009D7055 /* CoreFoundation.framework in Frameworks */ = {isa = PBXBuildFile; fileRef = E45BE9760E8CC7DD009D7055 /* CoreFoundation.framework */; };
		E45BE9810E8CC7DD009D7055 /* CoreServices.framework in Frameworks */ = {isa = PBXBuildFile; fileRef = E45BE9770E8CC7DD009D7055 /* CoreServices.framework */; };
		E45BE9830E8CC7DD009D7055 /* OpenGL.framework in Frameworks */ = {isa = PBXBuildFile; fileRef = E45BE9790E8CC7DD009D7055 /* OpenGL.framework */; };
		E45BE9840E8CC7DD009D7055 /* QuickTime.framework in Frameworks */ = {isa = PBXBuildFile; fileRef = E45BE97A0E8CC7DD009D7055 /* QuickTime.framework */; };
		E4B69E200A3A1BDC003C02F2 /* main.cpp in Sources */ = {isa = PBXBuildFile; fileRef = E4B69E1D0A3A1BDC003C02F2 /* main.cpp */; };
		E4B69E210A3A1BDC003C02F2 /* testApp.cpp in Sources */ = {isa = PBXBuildFile; fileRef = E4B69E1E0A3A1BDC003C02F2 /* testApp.cpp */; };
		E4C2422B10CC554B004149E2 /* openFrameworksDebug.a in Frameworks */ = {isa = PBXBuildFile; fileRef = E4C2421E10CC549C004149E2 /* openFrameworksDebug.a */; };
		E4C2424710CC5A17004149E2 /* AppKit.framework in Frameworks */ = {isa = PBXBuildFile; fileRef = E4C2424410CC5A17004149E2 /* AppKit.framework */; };
		E4C2424810CC5A17004149E2 /* Cocoa.framework in Frameworks */ = {isa = PBXBuildFile; fileRef = E4C2424510CC5A17004149E2 /* Cocoa.framework */; };
		E4C2424910CC5A17004149E2 /* IOKit.framework in Frameworks */ = {isa = PBXBuildFile; fileRef = E4C2424610CC5A17004149E2 /* IOKit.framework */; };
		E4C2426610CC5A78004149E2 /* GLUT.framework in Frameworks */ = {isa = PBXBuildFile; fileRef = E4C2425F10CC5A78004149E2 /* GLUT.framework */; };
		E4C2426B10CC5AA6004149E2 /* GLUT.framework in CopyFiles */ = {isa = PBXBuildFile; fileRef = E4C2425F10CC5A78004149E2 /* GLUT.framework */; };
		E4C2427F10CC5B66004149E2 /* CppUnit.a in Frameworks */ = {isa = PBXBuildFile; fileRef = E4C2427A10CC5B66004149E2 /* CppUnit.a */; };
		E4C2428010CC5B66004149E2 /* PocoFoundation.a in Frameworks */ = {isa = PBXBuildFile; fileRef = E4C2427B10CC5B66004149E2 /* PocoFoundation.a */; };
		E4C2428110CC5B66004149E2 /* PocoNet.a in Frameworks */ = {isa = PBXBuildFile; fileRef = E4C2427C10CC5B66004149E2 /* PocoNet.a */; };
		E4C2428210CC5B66004149E2 /* PocoUtil.a in Frameworks */ = {isa = PBXBuildFile; fileRef = E4C2427D10CC5B66004149E2 /* PocoUtil.a */; };
		E4C2428310CC5B66004149E2 /* PocoXML.a in Frameworks */ = {isa = PBXBuildFile; fileRef = E4C2427E10CC5B66004149E2 /* PocoXML.a */; };
		E4C2429410CC5C38004149E2 /* freetype.a in Frameworks */ = {isa = PBXBuildFile; fileRef = E4C2429310CC5C38004149E2 /* freetype.a */; };
		E4C242CD10CC650E004149E2 /* libfmodex.dylib in Frameworks */ = {isa = PBXBuildFile; fileRef = E4C242CC10CC650E004149E2 /* libfmodex.dylib */; };
		E4C2443910CC7693004149E2 /* openFrameworks-Info.plist in CopyFiles */ = {isa = PBXBuildFile; fileRef = E4B6FCAD0C3E899E008CF71C /* openFrameworks-Info.plist */; };
		E4C246DA10CCAE22004149E2 /* freeimage.a in Frameworks */ = {isa = PBXBuildFile; fileRef = E4C246D910CCAE22004149E2 /* freeimage.a */; };
/* End PBXBuildFile section */

/* Begin PBXContainerItemProxy section */
		E4C2421D10CC549C004149E2 /* PBXContainerItemProxy */ = {
			isa = PBXContainerItemProxy;
			containerPortal = E4C2421610CC549C004149E2 /* openFrameworksLib.xcodeproj */;
			proxyType = 2;
			remoteGlobalIDString = E4B27C1510CBEB8E00536013;
			remoteInfo = openFrameworks;
		};
		E4C2422710CC54DA004149E2 /* PBXContainerItemProxy */ = {
			isa = PBXContainerItemProxy;
			containerPortal = E4C2421610CC549C004149E2 /* openFrameworksLib.xcodeproj */;
			proxyType = 1;
			remoteGlobalIDString = E4B27C1410CBEB8E00536013;
			remoteInfo = openFrameworks;
		};
/* End PBXContainerItemProxy section */

/* Begin PBXCopyFilesBuildPhase section */
		E4C2427710CC5ABF004149E2 /* CopyFiles */ = {
			isa = PBXCopyFilesBuildPhase;
			buildActionMask = 2147483647;
			dstPath = "";
			dstSubfolderSpec = 10;
			files = (
				E4C2426B10CC5AA6004149E2 /* GLUT.framework in CopyFiles */,
			);
			runOnlyForDeploymentPostprocessing = 0;
		};
		E4C2444710CC769B004149E2 /* CopyFiles */ = {
			isa = PBXCopyFilesBuildPhase;
			buildActionMask = 2147483647;
			dstPath = "";
			dstSubfolderSpec = 7;
			files = (
				E4C2443910CC7693004149E2 /* openFrameworks-Info.plist in CopyFiles */,
			);
			runOnlyForDeploymentPostprocessing = 0;
		};
/* End PBXCopyFilesBuildPhase section */

/* Begin PBXFileReference section */
		0326B8B212BEED08006D0D37 /* apple-touch-icon.png */ = {isa = PBXFileReference; lastKnownFileType = image.png; path = "apple-touch-icon.png"; sourceTree = "<group>"; };
		0326B8B312BEED08006D0D37 /* index.html */ = {isa = PBXFileReference; fileEncoding = 4; lastKnownFileType = text.html; path = index.html; sourceTree = "<group>"; };
		0326B8B412BEED08006D0D37 /* jquery-1.4.4.min.js */ = {isa = PBXFileReference; fileEncoding = 4; lastKnownFileType = sourcecode.javascript; path = "jquery-1.4.4.min.js"; sourceTree = "<group>"; };
		0326B8B512BEED08006D0D37 /* jquery-ui-1.8.7.custom.min.js */ = {isa = PBXFileReference; fileEncoding = 4; lastKnownFileType = sourcecode.javascript; path = "jquery-ui-1.8.7.custom.min.js"; sourceTree = "<group>"; };
		032E1AE212C69B72009C7FF8 /* changelog.txt */ = {isa = PBXFileReference; fileEncoding = 4; lastKnownFileType = text; path = changelog.txt; sourceTree = "<group>"; };
		032E1AEA12C69B72009C7FF8 /* install.xml */ = {isa = PBXFileReference; fileEncoding = 4; lastKnownFileType = text.xml; path = install.xml; sourceTree = "<group>"; };
		032E1AEB12C69B72009C7FF8 /* LICENSE.txt */ = {isa = PBXFileReference; fileEncoding = 4; lastKnownFileType = text; path = LICENSE.txt; sourceTree = "<group>"; };
		032E1AEE12C69B72009C7FF8 /* ofxSimpleGuiButton.cpp */ = {isa = PBXFileReference; fileEncoding = 4; lastKnownFileType = sourcecode.cpp.cpp; path = ofxSimpleGuiButton.cpp; sourceTree = "<group>"; };
		032E1AEF12C69B72009C7FF8 /* ofxSimpleGuiButton.h */ = {isa = PBXFileReference; fileEncoding = 4; lastKnownFileType = sourcecode.c.h; path = ofxSimpleGuiButton.h; sourceTree = "<group>"; };
		032E1AF012C69B72009C7FF8 /* ofxSimpleGuiColorPicker.cpp */ = {isa = PBXFileReference; fileEncoding = 4; lastKnownFileType = sourcecode.cpp.cpp; path = ofxSimpleGuiColorPicker.cpp; sourceTree = "<group>"; };
		032E1AF112C69B72009C7FF8 /* ofxSimpleGuiColorPicker.h */ = {isa = PBXFileReference; fileEncoding = 4; lastKnownFileType = sourcecode.c.h; path = ofxSimpleGuiColorPicker.h; sourceTree = "<group>"; };
		032E1AF212C69B72009C7FF8 /* ofxSimpleGuiComboBox.cpp */ = {isa = PBXFileReference; fileEncoding = 4; lastKnownFileType = sourcecode.cpp.cpp; path = ofxSimpleGuiComboBox.cpp; sourceTree = "<group>"; };
		032E1AF312C69B72009C7FF8 /* ofxSimpleGuiComboBox.h */ = {isa = PBXFileReference; fileEncoding = 4; lastKnownFileType = sourcecode.c.h; path = ofxSimpleGuiComboBox.h; sourceTree = "<group>"; };
		032E1AF412C69B72009C7FF8 /* ofxSimpleGuiContent.cpp */ = {isa = PBXFileReference; fileEncoding = 4; lastKnownFileType = sourcecode.cpp.cpp; path = ofxSimpleGuiContent.cpp; sourceTree = "<group>"; };
		032E1AF512C69B72009C7FF8 /* ofxSimpleGuiContent.h */ = {isa = PBXFileReference; fileEncoding = 4; lastKnownFileType = sourcecode.c.h; path = ofxSimpleGuiContent.h; sourceTree = "<group>"; };
		032E1AF612C69B72009C7FF8 /* ofxSimpleGuiFPSCounter.cpp */ = {isa = PBXFileReference; fileEncoding = 4; lastKnownFileType = sourcecode.cpp.cpp; path = ofxSimpleGuiFPSCounter.cpp; sourceTree = "<group>"; };
		032E1AF712C69B72009C7FF8 /* ofxSimpleGuiFPSCounter.h */ = {isa = PBXFileReference; fileEncoding = 4; lastKnownFileType = sourcecode.c.h; path = ofxSimpleGuiFPSCounter.h; sourceTree = "<group>"; };
		032E1AF812C69B72009C7FF8 /* ofxSimpleGuiMovieSlider.cpp */ = {isa = PBXFileReference; fileEncoding = 4; lastKnownFileType = sourcecode.cpp.cpp; path = ofxSimpleGuiMovieSlider.cpp; sourceTree = "<group>"; };
		032E1AF912C69B72009C7FF8 /* ofxSimpleGuiMovieSlider.h */ = {isa = PBXFileReference; fileEncoding = 4; lastKnownFileType = sourcecode.c.h; path = ofxSimpleGuiMovieSlider.h; sourceTree = "<group>"; };
		032E1AFA12C69B72009C7FF8 /* ofxSimpleGuiQuadWarp.cpp */ = {isa = PBXFileReference; fileEncoding = 4; lastKnownFileType = sourcecode.cpp.cpp; path = ofxSimpleGuiQuadWarp.cpp; sourceTree = "<group>"; };
		032E1AFB12C69B72009C7FF8 /* ofxSimpleGuiQuadWarp.h */ = {isa = PBXFileReference; fileEncoding = 4; lastKnownFileType = sourcecode.c.h; path = ofxSimpleGuiQuadWarp.h; sourceTree = "<group>"; };
		032E1AFC12C69B72009C7FF8 /* ofxSimpleGuiSlider2d.cpp */ = {isa = PBXFileReference; fileEncoding = 4; lastKnownFileType = sourcecode.cpp.cpp; path = ofxSimpleGuiSlider2d.cpp; sourceTree = "<group>"; };
		032E1AFD12C69B72009C7FF8 /* ofxSimpleGuiSlider2d.h */ = {isa = PBXFileReference; fileEncoding = 4; lastKnownFileType = sourcecode.c.h; path = ofxSimpleGuiSlider2d.h; sourceTree = "<group>"; };
		032E1AFE12C69B72009C7FF8 /* ofxSimpleGuiSliderBase.h */ = {isa = PBXFileReference; fileEncoding = 4; lastKnownFileType = sourcecode.c.h; path = ofxSimpleGuiSliderBase.h; sourceTree = "<group>"; };
		032E1AFF12C69B72009C7FF8 /* ofxSimpleGuiSliderFloat.h */ = {isa = PBXFileReference; fileEncoding = 4; lastKnownFileType = sourcecode.c.h; path = ofxSimpleGuiSliderFloat.h; sourceTree = "<group>"; };
		032E1B0012C69B72009C7FF8 /* ofxSimpleGuiSliderInt.h */ = {isa = PBXFileReference; fileEncoding = 4; lastKnownFileType = sourcecode.c.h; path = ofxSimpleGuiSliderInt.h; sourceTree = "<group>"; };
		032E1B0112C69B72009C7FF8 /* ofxSimpleGuiTitle.cpp */ = {isa = PBXFileReference; fileEncoding = 4; lastKnownFileType = sourcecode.cpp.cpp; path = ofxSimpleGuiTitle.cpp; sourceTree = "<group>"; };
		032E1B0212C69B72009C7FF8 /* ofxSimpleGuiTitle.h */ = {isa = PBXFileReference; fileEncoding = 4; lastKnownFileType = sourcecode.c.h; path = ofxSimpleGuiTitle.h; sourceTree = "<group>"; };
		032E1B0312C69B72009C7FF8 /* ofxSimpleGuiToggle.cpp */ = {isa = PBXFileReference; fileEncoding = 4; lastKnownFileType = sourcecode.cpp.cpp; path = ofxSimpleGuiToggle.cpp; sourceTree = "<group>"; };
		032E1B0412C69B72009C7FF8 /* ofxSimpleGuiToggle.h */ = {isa = PBXFileReference; fileEncoding = 4; lastKnownFileType = sourcecode.c.h; path = ofxSimpleGuiToggle.h; sourceTree = "<group>"; };
		032E1B0512C69B72009C7FF8 /* ofxSimpleGuiConfig.cpp */ = {isa = PBXFileReference; fileEncoding = 4; lastKnownFileType = sourcecode.cpp.cpp; path = ofxSimpleGuiConfig.cpp; sourceTree = "<group>"; };
		032E1B0612C69B72009C7FF8 /* ofxSimpleGuiConfig.h */ = {isa = PBXFileReference; fileEncoding = 4; lastKnownFileType = sourcecode.c.h; path = ofxSimpleGuiConfig.h; sourceTree = "<group>"; };
		032E1B0712C69B72009C7FF8 /* ofxSimpleGuiControl.cpp */ = {isa = PBXFileReference; fileEncoding = 4; lastKnownFileType = sourcecode.cpp.cpp; path = ofxSimpleGuiControl.cpp; sourceTree = "<group>"; };
		032E1B0812C69B72009C7FF8 /* ofxSimpleGuiControl.h */ = {isa = PBXFileReference; fileEncoding = 4; lastKnownFileType = sourcecode.c.h; path = ofxSimpleGuiControl.h; sourceTree = "<group>"; };
		032E1B0912C69B72009C7FF8 /* ofxSimpleGuiIncludes.h */ = {isa = PBXFileReference; fileEncoding = 4; lastKnownFileType = sourcecode.c.h; path = ofxSimpleGuiIncludes.h; sourceTree = "<group>"; };
		032E1B0A12C69B72009C7FF8 /* ofxSimpleGuiPage.cpp */ = {isa = PBXFileReference; fileEncoding = 4; lastKnownFileType = sourcecode.cpp.cpp; path = ofxSimpleGuiPage.cpp; sourceTree = "<group>"; };
		032E1B0B12C69B72009C7FF8 /* ofxSimpleGuiPage.h */ = {isa = PBXFileReference; fileEncoding = 4; lastKnownFileType = sourcecode.c.h; path = ofxSimpleGuiPage.h; sourceTree = "<group>"; };
		032E1B0C12C69B72009C7FF8 /* ofxSimpleGuiToo.cpp */ = {isa = PBXFileReference; fileEncoding = 4; lastKnownFileType = sourcecode.cpp.cpp; path = ofxSimpleGuiToo.cpp; sourceTree = "<group>"; };
		032E1B0D12C69B72009C7FF8 /* ofxSimpleGuiToo.h */ = {isa = PBXFileReference; fileEncoding = 4; lastKnownFileType = sourcecode.c.h; path = ofxSimpleGuiToo.h; sourceTree = "<group>"; };
		032E1B0E12C69B72009C7FF8 /* ofxSimpleGuiValueControl.cpp */ = {isa = PBXFileReference; fileEncoding = 4; lastKnownFileType = sourcecode.cpp.cpp; path = ofxSimpleGuiValueControl.cpp; sourceTree = "<group>"; };
		032E1B0F12C69B72009C7FF8 /* ofxSimpleGuiValueControl.h */ = {isa = PBXFileReference; fileEncoding = 4; lastKnownFileType = sourcecode.c.h; path = ofxSimpleGuiValueControl.h; sourceTree = "<group>"; };
		03A0754A12D1195B00EE7497 /* Doxyfile */ = {isa = PBXFileReference; fileEncoding = 4; lastKnownFileType = text; path = Doxyfile; sourceTree = "<group>"; };
		03A0754B12D1195B00EE7497 /* TuioClient.cpp */ = {isa = PBXFileReference; fileEncoding = 4; lastKnownFileType = sourcecode.cpp.cpp; path = TuioClient.cpp; sourceTree = "<group>"; };
		03A0754C12D1195B00EE7497 /* TuioClient.h */ = {isa = PBXFileReference; fileEncoding = 4; lastKnownFileType = sourcecode.c.h; path = TuioClient.h; sourceTree = "<group>"; };
		03A0754D12D1195B00EE7497 /* TuioContainer.h */ = {isa = PBXFileReference; fileEncoding = 4; lastKnownFileType = sourcecode.c.h; path = TuioContainer.h; sourceTree = "<group>"; };
		03A0754E12D1195B00EE7497 /* TuioCursor.h */ = {isa = PBXFileReference; fileEncoding = 4; lastKnownFileType = sourcecode.c.h; path = TuioCursor.h; sourceTree = "<group>"; };
		03A0754F12D1195B00EE7497 /* TuioListener.h */ = {isa = PBXFileReference; fileEncoding = 4; lastKnownFileType = sourcecode.c.h; path = TuioListener.h; sourceTree = "<group>"; };
		03A0755012D1195B00EE7497 /* TuioObject.h */ = {isa = PBXFileReference; fileEncoding = 4; lastKnownFileType = sourcecode.c.h; path = TuioObject.h; sourceTree = "<group>"; };
		03A0755112D1195B00EE7497 /* TuioPoint.h */ = {isa = PBXFileReference; fileEncoding = 4; lastKnownFileType = sourcecode.c.h; path = TuioPoint.h; sourceTree = "<group>"; };
		03A0755212D1195B00EE7497 /* TuioServer.cpp */ = {isa = PBXFileReference; fileEncoding = 4; lastKnownFileType = sourcecode.cpp.cpp; path = TuioServer.cpp; sourceTree = "<group>"; };
		03A0755312D1195B00EE7497 /* TuioServer.h */ = {isa = PBXFileReference; fileEncoding = 4; lastKnownFileType = sourcecode.c.h; path = TuioServer.h; sourceTree = "<group>"; };
		03A0755412D1195B00EE7497 /* TuioTime.cpp */ = {isa = PBXFileReference; fileEncoding = 4; lastKnownFileType = sourcecode.cpp.cpp; path = TuioTime.cpp; sourceTree = "<group>"; };
		03A0755512D1195B00EE7497 /* TuioTime.h */ = {isa = PBXFileReference; fileEncoding = 4; lastKnownFileType = sourcecode.c.h; path = TuioTime.h; sourceTree = "<group>"; };
		03A0755612D1195B00EE7497 /* ofxTuioClient.cpp */ = {isa = PBXFileReference; fileEncoding = 4; lastKnownFileType = sourcecode.cpp.cpp; path = ofxTuioClient.cpp; sourceTree = "<group>"; };
		03A0755712D1195B00EE7497 /* ofxTuioClient.h */ = {isa = PBXFileReference; fileEncoding = 4; lastKnownFileType = sourcecode.c.h; path = ofxTuioClient.h; sourceTree = "<group>"; };
		03A0755812D1195B00EE7497 /* ofxTuioServer.cpp */ = {isa = PBXFileReference; fileEncoding = 4; lastKnownFileType = sourcecode.cpp.cpp; path = ofxTuioServer.cpp; sourceTree = "<group>"; };
		03A0755912D1195B00EE7497 /* ofxTuioServer.h */ = {isa = PBXFileReference; fileEncoding = 4; lastKnownFileType = sourcecode.c.h; path = ofxTuioServer.h; sourceTree = "<group>"; };
		03A0755D12D1195B00EE7497 /* IpEndpointName.h */ = {isa = PBXFileReference; fileEncoding = 4; lastKnownFileType = sourcecode.c.h; path = IpEndpointName.h; sourceTree = "<group>"; };
		03A0755E12D1195B00EE7497 /* NetworkingUtils.h */ = {isa = PBXFileReference; fileEncoding = 4; lastKnownFileType = sourcecode.c.h; path = NetworkingUtils.h; sourceTree = "<group>"; };
		03A0755F12D1195B00EE7497 /* PacketListener.h */ = {isa = PBXFileReference; fileEncoding = 4; lastKnownFileType = sourcecode.c.h; path = PacketListener.h; sourceTree = "<group>"; };
		03A0756012D1195B00EE7497 /* TimerListener.h */ = {isa = PBXFileReference; fileEncoding = 4; lastKnownFileType = sourcecode.c.h; path = TimerListener.h; sourceTree = "<group>"; };
		03A0756112D1195B00EE7497 /* UdpSocket.h */ = {isa = PBXFileReference; fileEncoding = 4; lastKnownFileType = sourcecode.c.h; path = UdpSocket.h; sourceTree = "<group>"; };
		03A0756312D1195B00EE7497 /* MessageMappingOscPacketListener.h */ = {isa = PBXFileReference; fileEncoding = 4; lastKnownFileType = sourcecode.c.h; path = MessageMappingOscPacketListener.h; sourceTree = "<group>"; };
		03A0756412D1195B00EE7497 /* OscException.h */ = {isa = PBXFileReference; fileEncoding = 4; lastKnownFileType = sourcecode.c.h; path = OscException.h; sourceTree = "<group>"; };
		03A0756512D1195B00EE7497 /* OscHostEndianness.h */ = {isa = PBXFileReference; fileEncoding = 4; lastKnownFileType = sourcecode.c.h; path = OscHostEndianness.h; sourceTree = "<group>"; };
		03A0756612D1195B00EE7497 /* OscOutboundPacketStream.h */ = {isa = PBXFileReference; fileEncoding = 4; lastKnownFileType = sourcecode.c.h; path = OscOutboundPacketStream.h; sourceTree = "<group>"; };
		03A0756712D1195B00EE7497 /* OscPacketListener.h */ = {isa = PBXFileReference; fileEncoding = 4; lastKnownFileType = sourcecode.c.h; path = OscPacketListener.h; sourceTree = "<group>"; };
		03A0756812D1195B00EE7497 /* OscPrintReceivedElements.h */ = {isa = PBXFileReference; fileEncoding = 4; lastKnownFileType = sourcecode.c.h; path = OscPrintReceivedElements.h; sourceTree = "<group>"; };
		03A0756912D1195B00EE7497 /* OscReceivedElements.h */ = {isa = PBXFileReference; fileEncoding = 4; lastKnownFileType = sourcecode.c.h; path = OscReceivedElements.h; sourceTree = "<group>"; };
		03A0756A12D1195B00EE7497 /* OscTypes.h */ = {isa = PBXFileReference; fileEncoding = 4; lastKnownFileType = sourcecode.c.h; path = OscTypes.h; sourceTree = "<group>"; };
		03A0757112D1195B00EE7497 /* TuioTcpXmlServer.cpp */ = {isa = PBXFileReference; fileEncoding = 4; lastKnownFileType = sourcecode.cpp.cpp; path = TuioTcpXmlServer.cpp; sourceTree = "<group>"; };
		03A0757212D1195B00EE7497 /* TuioTcpXmlServer.h */ = {isa = PBXFileReference; fileEncoding = 4; lastKnownFileType = sourcecode.c.h; path = TuioTcpXmlServer.h; sourceTree = "<group>"; };
		03A0759D12D11AA700EE7497 /* Instructions.txt */ = {isa = PBXFileReference; fileEncoding = 4; lastKnownFileType = text; path = Instructions.txt; sourceTree = "<group>"; };
		03A0759E12D11AA700EE7497 /* install.xml */ = {isa = PBXFileReference; fileEncoding = 4; lastKnownFileType = text.xml; path = install.xml; sourceTree = "<group>"; };
		03A075A012D11AA700EE7497 /* ofxNetwork.h */ = {isa = PBXFileReference; fileEncoding = 4; lastKnownFileType = sourcecode.c.h; path = ofxNetwork.h; sourceTree = "<group>"; };
		03A075A112D11AA700EE7497 /* ofxNetworkUtils.h */ = {isa = PBXFileReference; fileEncoding = 4; lastKnownFileType = sourcecode.c.h; path = ofxNetworkUtils.h; sourceTree = "<group>"; };
		03A075A212D11AA700EE7497 /* ofxTCPClient.cpp */ = {isa = PBXFileReference; fileEncoding = 4; lastKnownFileType = sourcecode.cpp.cpp; path = ofxTCPClient.cpp; sourceTree = "<group>"; };
		03A075A312D11AA700EE7497 /* ofxTCPClient.h */ = {isa = PBXFileReference; fileEncoding = 4; lastKnownFileType = sourcecode.c.h; path = ofxTCPClient.h; sourceTree = "<group>"; };
		03A075A412D11AA700EE7497 /* ofxTCPManager.cpp */ = {isa = PBXFileReference; fileEncoding = 4; lastKnownFileType = sourcecode.cpp.cpp; path = ofxTCPManager.cpp; sourceTree = "<group>"; };
		03A075A512D11AA700EE7497 /* ofxTCPManager.h */ = {isa = PBXFileReference; fileEncoding = 4; lastKnownFileType = sourcecode.c.h; path = ofxTCPManager.h; sourceTree = "<group>"; };
		03A075A612D11AA700EE7497 /* ofxTCPServer.cpp */ = {isa = PBXFileReference; fileEncoding = 4; lastKnownFileType = sourcecode.cpp.cpp; path = ofxTCPServer.cpp; sourceTree = "<group>"; };
		03A075A712D11AA700EE7497 /* ofxTCPServer.h */ = {isa = PBXFileReference; fileEncoding = 4; lastKnownFileType = sourcecode.c.h; path = ofxTCPServer.h; sourceTree = "<group>"; };
		03A075B412D11AC200EE7497 /* Instructions.txt */ = {isa = PBXFileReference; fileEncoding = 4; lastKnownFileType = text; path = Instructions.txt; sourceTree = "<group>"; };
		03A075B512D11AC200EE7497 /* install.xml */ = {isa = PBXFileReference; fileEncoding = 4; lastKnownFileType = text.xml; path = install.xml; sourceTree = "<group>"; };
		03A075B712D11AC200EE7497 /* ofxThread.cpp */ = {isa = PBXFileReference; fileEncoding = 4; lastKnownFileType = sourcecode.cpp.cpp; path = ofxThread.cpp; sourceTree = "<group>"; };
		03A075B812D11AC200EE7497 /* ofxThread.h */ = {isa = PBXFileReference; fileEncoding = 4; lastKnownFileType = sourcecode.c.h; path = ofxThread.h; sourceTree = "<group>"; };
		03A075EA12D11C9A00EE7497 /* libOsc.a */ = {isa = PBXFileReference; lastKnownFileType = archive.ar; path = libOsc.a; sourceTree = "<group>"; };
		03A0762312D1271D00EE7497 /* mongoose.c */ = {isa = PBXFileReference; fileEncoding = 4; lastKnownFileType = sourcecode.c.c; path = mongoose.c; sourceTree = "<group>"; };
		03A0762412D1271D00EE7497 /* mongoose.h */ = {isa = PBXFileReference; fileEncoding = 4; lastKnownFileType = sourcecode.c.h; path = mongoose.h; sourceTree = "<group>"; };
		03C8BCC512BEADF30070CBD7 /* ofxWebSimpleGuiToo.cpp */ = {isa = PBXFileReference; fileEncoding = 4; lastKnownFileType = sourcecode.cpp.cpp; path = ofxWebSimpleGuiToo.cpp; sourceTree = "<group>"; };
		03C8BCC612BEADF30070CBD7 /* ofxWebSimpleGuiToo.h */ = {isa = PBXFileReference; fileEncoding = 4; lastKnownFileType = sourcecode.c.h; path = ofxWebSimpleGuiToo.h; sourceTree = "<group>"; };
		03C8BCCB12BEAEA90070CBD7 /* ofxWebServer.cpp */ = {isa = PBXFileReference; fileEncoding = 4; lastKnownFileType = sourcecode.cpp.cpp; path = ofxWebServer.cpp; sourceTree = "<group>"; };
		03C8BCCC12BEAEA90070CBD7 /* ofxWebServer.h */ = {isa = PBXFileReference; fileEncoding = 4; lastKnownFileType = sourcecode.c.h; path = ofxWebServer.h; sourceTree = "<group>"; };
		03C8BCCD12BEAEA90070CBD7 /* ofxWSRequestHandler.cpp */ = {isa = PBXFileReference; fileEncoding = 4; lastKnownFileType = sourcecode.cpp.cpp; path = ofxWSRequestHandler.cpp; sourceTree = "<group>"; };
		03C8BCCE12BEAEA90070CBD7 /* ofxWSRequestHandler.h */ = {isa = PBXFileReference; fileEncoding = 4; lastKnownFileType = sourcecode.c.h; path = ofxWSRequestHandler.h; sourceTree = "<group>"; };
		03C8BD0A12BEAED10070CBD7 /* changelog.txt */ = {isa = PBXFileReference; fileEncoding = 4; lastKnownFileType = text; path = changelog.txt; sourceTree = "<group>"; };
		03C8BD0B12BEAED10070CBD7 /* install.xml */ = {isa = PBXFileReference; fileEncoding = 4; lastKnownFileType = text.xml; path = install.xml; sourceTree = "<group>"; };
		03C8BD0C12BEAED10070CBD7 /* LICENSE.txt */ = {isa = PBXFileReference; fileEncoding = 4; lastKnownFileType = text; path = LICENSE.txt; sourceTree = "<group>"; };
		03C8BD0E12BEAED10070CBD7 /* ofxMSAInteractiveObject.cpp */ = {isa = PBXFileReference; fileEncoding = 4; lastKnownFileType = sourcecode.cpp.cpp; path = ofxMSAInteractiveObject.cpp; sourceTree = "<group>"; };
		03C8BD0F12BEAED10070CBD7 /* ofxMSAInteractiveObject.h */ = {isa = PBXFileReference; fileEncoding = 4; lastKnownFileType = sourcecode.c.h; path = ofxMSAInteractiveObject.h; sourceTree = "<group>"; };
		03C8BD1212BEAEDB0070CBD7 /* install.xml */ = {isa = PBXFileReference; fileEncoding = 4; lastKnownFileType = text.xml; path = install.xml; sourceTree = "<group>"; };
		03C8BD1412BEAEDB0070CBD7 /* tinyxml.cpp */ = {isa = PBXFileReference; fileEncoding = 4; lastKnownFileType = sourcecode.cpp.cpp; path = tinyxml.cpp; sourceTree = "<group>"; };
		03C8BD1512BEAEDB0070CBD7 /* tinyxml.h */ = {isa = PBXFileReference; fileEncoding = 4; lastKnownFileType = sourcecode.c.h; path = tinyxml.h; sourceTree = "<group>"; };
		03C8BD1612BEAEDB0070CBD7 /* tinyxmlerror.cpp */ = {isa = PBXFileReference; fileEncoding = 4; lastKnownFileType = sourcecode.cpp.cpp; path = tinyxmlerror.cpp; sourceTree = "<group>"; };
		03C8BD1712BEAEDB0070CBD7 /* tinyxmlparser.cpp */ = {isa = PBXFileReference; fileEncoding = 4; lastKnownFileType = sourcecode.cpp.cpp; path = tinyxmlparser.cpp; sourceTree = "<group>"; };
		03C8BD1912BEAEDB0070CBD7 /* ofxXmlSettings.cpp */ = {isa = PBXFileReference; fileEncoding = 4; lastKnownFileType = sourcecode.cpp.cpp; path = ofxXmlSettings.cpp; sourceTree = "<group>"; };
		03C8BD1A12BEAEDB0070CBD7 /* ofxXmlSettings.h */ = {isa = PBXFileReference; fileEncoding = 4; lastKnownFileType = sourcecode.c.h; path = ofxXmlSettings.h; sourceTree = "<group>"; };
		E45BE0390E8CC647009D7055 /* FreeImage.h */ = {isa = PBXFileReference; fileEncoding = 4; lastKnownFileType = sourcecode.c.h; name = FreeImage.h; path = ../../../libs/freeimage/include/FreeImage.h; sourceTree = SOURCE_ROOT; };
		E45BE03F0E8CC650009D7055 /* fmod.h */ = {isa = PBXFileReference; fileEncoding = 4; lastKnownFileType = sourcecode.c.h; name = fmod.h; path = ../../../libs/fmodex/include/fmod.h; sourceTree = SOURCE_ROOT; };
		E45BE0400E8CC650009D7055 /* fmod.hpp */ = {isa = PBXFileReference; fileEncoding = 4; lastKnownFileType = sourcecode.cpp.h; name = fmod.hpp; path = ../../../libs/fmodex/include/fmod.hpp; sourceTree = SOURCE_ROOT; };
		E45BE0410E8CC650009D7055 /* fmod_codec.h */ = {isa = PBXFileReference; fileEncoding = 4; lastKnownFileType = sourcecode.c.h; name = fmod_codec.h; path = ../../../libs/fmodex/include/fmod_codec.h; sourceTree = SOURCE_ROOT; };
		E45BE0420E8CC650009D7055 /* fmod_dsp.h */ = {isa = PBXFileReference; fileEncoding = 4; lastKnownFileType = sourcecode.c.h; name = fmod_dsp.h; path = ../../../libs/fmodex/include/fmod_dsp.h; sourceTree = SOURCE_ROOT; };
		E45BE0430E8CC650009D7055 /* fmod_errors.h */ = {isa = PBXFileReference; fileEncoding = 4; lastKnownFileType = sourcecode.c.h; name = fmod_errors.h; path = ../../../libs/fmodex/include/fmod_errors.h; sourceTree = SOURCE_ROOT; };
		E45BE0440E8CC650009D7055 /* fmod_output.h */ = {isa = PBXFileReference; fileEncoding = 4; lastKnownFileType = sourcecode.c.h; name = fmod_output.h; path = ../../../libs/fmodex/include/fmod_output.h; sourceTree = SOURCE_ROOT; };
		E45BE0A70E8CC67C009D7055 /* GLee.h */ = {isa = PBXFileReference; fileEncoding = 4; lastKnownFileType = sourcecode.c.h; name = GLee.h; path = ../../../libs/GLee/include/GLee.h; sourceTree = SOURCE_ROOT; };
		E45BE0A90E8CC67C009D7055 /* GLee.a */ = {isa = PBXFileReference; lastKnownFileType = archive.ar; name = GLee.a; path = ../../../libs/GLee/lib/osx/GLee.a; sourceTree = SOURCE_ROOT; };
		E45BE2E00E8CC69C009D7055 /* RtAudio.h */ = {isa = PBXFileReference; fileEncoding = 4; lastKnownFileType = sourcecode.c.h; name = RtAudio.h; path = ../../../libs/rtAudio/include/RtAudio.h; sourceTree = SOURCE_ROOT; };
		E45BE2E10E8CC69C009D7055 /* RtError.h */ = {isa = PBXFileReference; fileEncoding = 4; lastKnownFileType = sourcecode.c.h; name = RtError.h; path = ../../../libs/rtAudio/include/RtError.h; sourceTree = SOURCE_ROOT; };
		E45BE2E30E8CC69C009D7055 /* rtAudio.a */ = {isa = PBXFileReference; lastKnownFileType = archive.ar; name = rtAudio.a; path = ../../../libs/rtAudio/lib/osx/rtAudio.a; sourceTree = SOURCE_ROOT; };
		E45BE9710E8CC7DD009D7055 /* AGL.framework */ = {isa = PBXFileReference; lastKnownFileType = wrapper.framework; name = AGL.framework; path = /System/Library/Frameworks/AGL.framework; sourceTree = "<absolute>"; };
		E45BE9720E8CC7DD009D7055 /* ApplicationServices.framework */ = {isa = PBXFileReference; lastKnownFileType = wrapper.framework; name = ApplicationServices.framework; path = /System/Library/Frameworks/ApplicationServices.framework; sourceTree = "<absolute>"; };
		E45BE9730E8CC7DD009D7055 /* AudioToolbox.framework */ = {isa = PBXFileReference; lastKnownFileType = wrapper.framework; name = AudioToolbox.framework; path = /System/Library/Frameworks/AudioToolbox.framework; sourceTree = "<absolute>"; };
		E45BE9740E8CC7DD009D7055 /* Carbon.framework */ = {isa = PBXFileReference; lastKnownFileType = wrapper.framework; name = Carbon.framework; path = /System/Library/Frameworks/Carbon.framework; sourceTree = "<absolute>"; };
		E45BE9750E8CC7DD009D7055 /* CoreAudio.framework */ = {isa = PBXFileReference; lastKnownFileType = wrapper.framework; name = CoreAudio.framework; path = /System/Library/Frameworks/CoreAudio.framework; sourceTree = "<absolute>"; };
		E45BE9760E8CC7DD009D7055 /* CoreFoundation.framework */ = {isa = PBXFileReference; lastKnownFileType = wrapper.framework; name = CoreFoundation.framework; path = /System/Library/Frameworks/CoreFoundation.framework; sourceTree = "<absolute>"; };
		E45BE9770E8CC7DD009D7055 /* CoreServices.framework */ = {isa = PBXFileReference; lastKnownFileType = wrapper.framework; name = CoreServices.framework; path = /System/Library/Frameworks/CoreServices.framework; sourceTree = "<absolute>"; };
		E45BE9790E8CC7DD009D7055 /* OpenGL.framework */ = {isa = PBXFileReference; lastKnownFileType = wrapper.framework; name = OpenGL.framework; path = /System/Library/Frameworks/OpenGL.framework; sourceTree = "<absolute>"; };
		E45BE97A0E8CC7DD009D7055 /* QuickTime.framework */ = {isa = PBXFileReference; lastKnownFileType = wrapper.framework; name = QuickTime.framework; path = /System/Library/Frameworks/QuickTime.framework; sourceTree = "<absolute>"; };
		E4B69B5B0A3A1756003C02F2 /* ofxWebSimpleGuiTooExample.app */ = {isa = PBXFileReference; explicitFileType = wrapper.application; includeInIndex = 0; path = ofxWebSimpleGuiTooExample.app; sourceTree = BUILT_PRODUCTS_DIR; };
		E4B69E1D0A3A1BDC003C02F2 /* main.cpp */ = {isa = PBXFileReference; fileEncoding = 30; lastKnownFileType = sourcecode.cpp.cpp; name = main.cpp; path = src/main.cpp; sourceTree = SOURCE_ROOT; };
		E4B69E1E0A3A1BDC003C02F2 /* testApp.cpp */ = {isa = PBXFileReference; explicitFileType = sourcecode.cpp.cpp; fileEncoding = 30; name = testApp.cpp; path = src/testApp.cpp; sourceTree = SOURCE_ROOT; };
		E4B69E1F0A3A1BDC003C02F2 /* testApp.h */ = {isa = PBXFileReference; fileEncoding = 30; lastKnownFileType = sourcecode.c.h; name = testApp.h; path = src/testApp.h; sourceTree = SOURCE_ROOT; };
		E4B6FCAD0C3E899E008CF71C /* openFrameworks-Info.plist */ = {isa = PBXFileReference; fileEncoding = 30; lastKnownFileType = text.plist.xml; path = "openFrameworks-Info.plist"; sourceTree = "<group>"; };
		E4C2421610CC549C004149E2 /* openFrameworksLib.xcodeproj */ = {isa = PBXFileReference; lastKnownFileType = "wrapper.pb-project"; name = openFrameworksLib.xcodeproj; path = ../../../libs/openFrameworksCompiled/project/osx/openFrameworksLib.xcodeproj; sourceTree = SOURCE_ROOT; };
		E4C2424410CC5A17004149E2 /* AppKit.framework */ = {isa = PBXFileReference; lastKnownFileType = wrapper.framework; name = AppKit.framework; path = /System/Library/Frameworks/AppKit.framework; sourceTree = "<absolute>"; };
		E4C2424510CC5A17004149E2 /* Cocoa.framework */ = {isa = PBXFileReference; lastKnownFileType = wrapper.framework; name = Cocoa.framework; path = /System/Library/Frameworks/Cocoa.framework; sourceTree = "<absolute>"; };
		E4C2424610CC5A17004149E2 /* IOKit.framework */ = {isa = PBXFileReference; lastKnownFileType = wrapper.framework; name = IOKit.framework; path = /System/Library/Frameworks/IOKit.framework; sourceTree = "<absolute>"; };
		E4C2425F10CC5A78004149E2 /* GLUT.framework */ = {isa = PBXFileReference; lastKnownFileType = wrapper.framework; name = GLUT.framework; path = ../../../libs/glut/lib/osx/GLUT.framework; sourceTree = SOURCE_ROOT; };
		E4C2427A10CC5B66004149E2 /* CppUnit.a */ = {isa = PBXFileReference; lastKnownFileType = archive.ar; name = CppUnit.a; path = ../../../libs/poco/lib/osx/CppUnit.a; sourceTree = SOURCE_ROOT; };
		E4C2427B10CC5B66004149E2 /* PocoFoundation.a */ = {isa = PBXFileReference; lastKnownFileType = archive.ar; name = PocoFoundation.a; path = ../../../libs/poco/lib/osx/PocoFoundation.a; sourceTree = SOURCE_ROOT; };
		E4C2427C10CC5B66004149E2 /* PocoNet.a */ = {isa = PBXFileReference; lastKnownFileType = archive.ar; name = PocoNet.a; path = ../../../libs/poco/lib/osx/PocoNet.a; sourceTree = SOURCE_ROOT; };
		E4C2427D10CC5B66004149E2 /* PocoUtil.a */ = {isa = PBXFileReference; lastKnownFileType = archive.ar; name = PocoUtil.a; path = ../../../libs/poco/lib/osx/PocoUtil.a; sourceTree = SOURCE_ROOT; };
		E4C2427E10CC5B66004149E2 /* PocoXML.a */ = {isa = PBXFileReference; lastKnownFileType = archive.ar; name = PocoXML.a; path = ../../../libs/poco/lib/osx/PocoXML.a; sourceTree = SOURCE_ROOT; };
		E4C2429310CC5C38004149E2 /* freetype.a */ = {isa = PBXFileReference; lastKnownFileType = archive.ar; name = freetype.a; path = ../../../libs/freetype/lib/osx/freetype.a; sourceTree = SOURCE_ROOT; };
		E4C242CC10CC650E004149E2 /* libfmodex.dylib */ = {isa = PBXFileReference; lastKnownFileType = "compiled.mach-o.dylib"; name = libfmodex.dylib; path = ../../../libs/fmodex/lib/osx/libfmodex.dylib; sourceTree = SOURCE_ROOT; };
		E4C246D910CCAE22004149E2 /* freeimage.a */ = {isa = PBXFileReference; lastKnownFileType = archive.ar; name = freeimage.a; path = ../../../libs/FreeImage/lib/osx/freeimage.a; sourceTree = SOURCE_ROOT; };
/* End PBXFileReference section */

/* Begin PBXFrameworksBuildPhase section */
		E4B69B590A3A1756003C02F2 /* Frameworks */ = {
			isa = PBXFrameworksBuildPhase;
			buildActionMask = 2147483647;
			files = (
				E4C2422B10CC554B004149E2 /* openFrameworksDebug.a in Frameworks */,
				E45BE0AA0E8CC67C009D7055 /* GLee.a in Frameworks */,
				E45BE2E40E8CC69C009D7055 /* rtAudio.a in Frameworks */,
				E45BE97B0E8CC7DD009D7055 /* AGL.framework in Frameworks */,
				E45BE97C0E8CC7DD009D7055 /* ApplicationServices.framework in Frameworks */,
				E45BE97D0E8CC7DD009D7055 /* AudioToolbox.framework in Frameworks */,
				E45BE97E0E8CC7DD009D7055 /* Carbon.framework in Frameworks */,
				E45BE97F0E8CC7DD009D7055 /* CoreAudio.framework in Frameworks */,
				E45BE9800E8CC7DD009D7055 /* CoreFoundation.framework in Frameworks */,
				E45BE9810E8CC7DD009D7055 /* CoreServices.framework in Frameworks */,
				E45BE9830E8CC7DD009D7055 /* OpenGL.framework in Frameworks */,
				E45BE9840E8CC7DD009D7055 /* QuickTime.framework in Frameworks */,
				E4C2424710CC5A17004149E2 /* AppKit.framework in Frameworks */,
				E4C2424810CC5A17004149E2 /* Cocoa.framework in Frameworks */,
				E4C2424910CC5A17004149E2 /* IOKit.framework in Frameworks */,
				E4C2426610CC5A78004149E2 /* GLUT.framework in Frameworks */,
				E4C2427F10CC5B66004149E2 /* CppUnit.a in Frameworks */,
				E4C2428010CC5B66004149E2 /* PocoFoundation.a in Frameworks */,
				E4C2428110CC5B66004149E2 /* PocoNet.a in Frameworks */,
				E4C2428210CC5B66004149E2 /* PocoUtil.a in Frameworks */,
				E4C2428310CC5B66004149E2 /* PocoXML.a in Frameworks */,
				E4C2429410CC5C38004149E2 /* freetype.a in Frameworks */,
				E4C242CD10CC650E004149E2 /* libfmodex.dylib in Frameworks */,
				E4C246DA10CCAE22004149E2 /* freeimage.a in Frameworks */,
				03A075EB12D11C9A00EE7497 /* libOsc.a in Frameworks */,
			);
			runOnlyForDeploymentPostprocessing = 0;
		};
/* End PBXFrameworksBuildPhase section */

/* Begin PBXGroup section */
		0326B86E12BEC2EB006D0D37 /* webpage */ = {
			isa = PBXGroup;
			children = (
				0326B8B112BEED08006D0D37 /* ofxWebSimpleGuiToo */,
			);
			name = webpage;
			sourceTree = "<group>";
		};
		0326B8B112BEED08006D0D37 /* ofxWebSimpleGuiToo */ = {
			isa = PBXGroup;
			children = (
				0326B8B212BEED08006D0D37 /* apple-touch-icon.png */,
				0326B8B312BEED08006D0D37 /* index.html */,
				0326B8B412BEED08006D0D37 /* jquery-1.4.4.min.js */,
				0326B8B512BEED08006D0D37 /* jquery-ui-1.8.7.custom.min.js */,
			);
			name = ofxWebSimpleGuiToo;
			path = bin/data/ofxWebSimpleGuiToo;
			sourceTree = "<group>";
		};
		032E1AE112C69B72009C7FF8 /* ofxSimpleGuiToo */ = {
			isa = PBXGroup;
			children = (
				032E1AE212C69B72009C7FF8 /* changelog.txt */,
				032E1AEA12C69B72009C7FF8 /* install.xml */,
				032E1AEB12C69B72009C7FF8 /* LICENSE.txt */,
				032E1AEC12C69B72009C7FF8 /* src */,
			);
			name = ofxSimpleGuiToo;
			path = addons/ofxSimpleGuiToo;
			sourceTree = "<group>";
		};
		032E1AEC12C69B72009C7FF8 /* src */ = {
			isa = PBXGroup;
			children = (
				032E1AED12C69B72009C7FF8 /* Controls */,
				032E1B0512C69B72009C7FF8 /* ofxSimpleGuiConfig.cpp */,
				032E1B0612C69B72009C7FF8 /* ofxSimpleGuiConfig.h */,
				032E1B0712C69B72009C7FF8 /* ofxSimpleGuiControl.cpp */,
				032E1B0812C69B72009C7FF8 /* ofxSimpleGuiControl.h */,
				032E1B0912C69B72009C7FF8 /* ofxSimpleGuiIncludes.h */,
				032E1B0A12C69B72009C7FF8 /* ofxSimpleGuiPage.cpp */,
				032E1B0B12C69B72009C7FF8 /* ofxSimpleGuiPage.h */,
				032E1B0C12C69B72009C7FF8 /* ofxSimpleGuiToo.cpp */,
				032E1B0D12C69B72009C7FF8 /* ofxSimpleGuiToo.h */,
				032E1B0E12C69B72009C7FF8 /* ofxSimpleGuiValueControl.cpp */,
				032E1B0F12C69B72009C7FF8 /* ofxSimpleGuiValueControl.h */,
			);
			path = src;
			sourceTree = "<group>";
		};
		032E1AED12C69B72009C7FF8 /* Controls */ = {
			isa = PBXGroup;
			children = (
				032E1AEE12C69B72009C7FF8 /* ofxSimpleGuiButton.cpp */,
				032E1AEF12C69B72009C7FF8 /* ofxSimpleGuiButton.h */,
				032E1AF012C69B72009C7FF8 /* ofxSimpleGuiColorPicker.cpp */,
				032E1AF112C69B72009C7FF8 /* ofxSimpleGuiColorPicker.h */,
				032E1AF212C69B72009C7FF8 /* ofxSimpleGuiComboBox.cpp */,
				032E1AF312C69B72009C7FF8 /* ofxSimpleGuiComboBox.h */,
				032E1AF412C69B72009C7FF8 /* ofxSimpleGuiContent.cpp */,
				032E1AF512C69B72009C7FF8 /* ofxSimpleGuiContent.h */,
				032E1AF612C69B72009C7FF8 /* ofxSimpleGuiFPSCounter.cpp */,
				032E1AF712C69B72009C7FF8 /* ofxSimpleGuiFPSCounter.h */,
				032E1AF812C69B72009C7FF8 /* ofxSimpleGuiMovieSlider.cpp */,
				032E1AF912C69B72009C7FF8 /* ofxSimpleGuiMovieSlider.h */,
				032E1AFA12C69B72009C7FF8 /* ofxSimpleGuiQuadWarp.cpp */,
				032E1AFB12C69B72009C7FF8 /* ofxSimpleGuiQuadWarp.h */,
				032E1AFC12C69B72009C7FF8 /* ofxSimpleGuiSlider2d.cpp */,
				032E1AFD12C69B72009C7FF8 /* ofxSimpleGuiSlider2d.h */,
				032E1AFE12C69B72009C7FF8 /* ofxSimpleGuiSliderBase.h */,
				032E1AFF12C69B72009C7FF8 /* ofxSimpleGuiSliderFloat.h */,
				032E1B0012C69B72009C7FF8 /* ofxSimpleGuiSliderInt.h */,
				032E1B0112C69B72009C7FF8 /* ofxSimpleGuiTitle.cpp */,
				032E1B0212C69B72009C7FF8 /* ofxSimpleGuiTitle.h */,
				032E1B0312C69B72009C7FF8 /* ofxSimpleGuiToggle.cpp */,
				032E1B0412C69B72009C7FF8 /* ofxSimpleGuiToggle.h */,
			);
			path = Controls;
			sourceTree = "<group>";
		};
		03A0754812D1195B00EE7497 /* ofxTuioWrapper */ = {
			isa = PBXGroup;
			children = (
				03A0754912D1195B00EE7497 /* core */,
				03A0755612D1195B00EE7497 /* ofxTuioClient.cpp */,
				03A0755712D1195B00EE7497 /* ofxTuioClient.h */,
				03A0755812D1195B00EE7497 /* ofxTuioServer.cpp */,
				03A0755912D1195B00EE7497 /* ofxTuioServer.h */,
				03A0755A12D1195B00EE7497 /* oscpack */,
				03A0757112D1195B00EE7497 /* TuioTcpXmlServer.cpp */,
				03A0757212D1195B00EE7497 /* TuioTcpXmlServer.h */,
			);
			name = ofxTuioWrapper;
			path = addons/ofxTuioWrapper;
			sourceTree = "<group>";
		};
		03A0754912D1195B00EE7497 /* core */ = {
			isa = PBXGroup;
			children = (
				03A0754A12D1195B00EE7497 /* Doxyfile */,
				03A0754B12D1195B00EE7497 /* TuioClient.cpp */,
				03A0754C12D1195B00EE7497 /* TuioClient.h */,
				03A0754D12D1195B00EE7497 /* TuioContainer.h */,
				03A0754E12D1195B00EE7497 /* TuioCursor.h */,
				03A0754F12D1195B00EE7497 /* TuioListener.h */,
				03A0755012D1195B00EE7497 /* TuioObject.h */,
				03A0755112D1195B00EE7497 /* TuioPoint.h */,
				03A0755212D1195B00EE7497 /* TuioServer.cpp */,
				03A0755312D1195B00EE7497 /* TuioServer.h */,
				03A0755412D1195B00EE7497 /* TuioTime.cpp */,
				03A0755512D1195B00EE7497 /* TuioTime.h */,
			);
			path = core;
			sourceTree = "<group>";
		};
		03A0755A12D1195B00EE7497 /* oscpack */ = {
			isa = PBXGroup;
			children = (
				03A0755B12D1195B00EE7497 /* include */,
				03A0756B12D1195B00EE7497 /* lib */,
			);
			path = oscpack;
			sourceTree = "<group>";
		};
		03A0755B12D1195B00EE7497 /* include */ = {
			isa = PBXGroup;
			children = (
				03A0755C12D1195B00EE7497 /* ip */,
				03A0756212D1195B00EE7497 /* osc */,
			);
			path = include;
			sourceTree = "<group>";
		};
		03A0755C12D1195B00EE7497 /* ip */ = {
			isa = PBXGroup;
			children = (
				03A0755D12D1195B00EE7497 /* IpEndpointName.h */,
				03A0755E12D1195B00EE7497 /* NetworkingUtils.h */,
				03A0755F12D1195B00EE7497 /* PacketListener.h */,
				03A0756012D1195B00EE7497 /* TimerListener.h */,
				03A0756112D1195B00EE7497 /* UdpSocket.h */,
			);
			path = ip;
			sourceTree = "<group>";
		};
		03A0756212D1195B00EE7497 /* osc */ = {
			isa = PBXGroup;
			children = (
				03A0756312D1195B00EE7497 /* MessageMappingOscPacketListener.h */,
				03A0756412D1195B00EE7497 /* OscException.h */,
				03A0756512D1195B00EE7497 /* OscHostEndianness.h */,
				03A0756612D1195B00EE7497 /* OscOutboundPacketStream.h */,
				03A0756712D1195B00EE7497 /* OscPacketListener.h */,
				03A0756812D1195B00EE7497 /* OscPrintReceivedElements.h */,
				03A0756912D1195B00EE7497 /* OscReceivedElements.h */,
				03A0756A12D1195B00EE7497 /* OscTypes.h */,
			);
			path = osc;
			sourceTree = "<group>";
		};
		03A0756B12D1195B00EE7497 /* lib */ = {
			isa = PBXGroup;
			children = (
				03A0756D12D1195B00EE7497 /* osx */,
			);
			path = lib;
			sourceTree = "<group>";
		};
		03A0756D12D1195B00EE7497 /* osx */ = {
			isa = PBXGroup;
			children = (
				03A075EA12D11C9A00EE7497 /* libOsc.a */,
			);
			path = osx;
			sourceTree = "<group>";
		};
		03A0759B12D11AA700EE7497 /* ofxNetwork */ = {
			isa = PBXGroup;
			children = (
				03A0759C12D11AA700EE7497 /* docs */,
				03A0759E12D11AA700EE7497 /* install.xml */,
				03A0759F12D11AA700EE7497 /* src */,
			);
			name = ofxNetwork;
			path = ../../../addons/ofxNetwork;
			sourceTree = SOURCE_ROOT;
		};
		03A0759C12D11AA700EE7497 /* docs */ = {
			isa = PBXGroup;
			children = (
				03A0759D12D11AA700EE7497 /* Instructions.txt */,
			);
			path = docs;
			sourceTree = "<group>";
		};
		03A0759F12D11AA700EE7497 /* src */ = {
			isa = PBXGroup;
			children = (
				03A075A012D11AA700EE7497 /* ofxNetwork.h */,
				03A075A112D11AA700EE7497 /* ofxNetworkUtils.h */,
				03A075A212D11AA700EE7497 /* ofxTCPClient.cpp */,
				03A075A312D11AA700EE7497 /* ofxTCPClient.h */,
				03A075A412D11AA700EE7497 /* ofxTCPManager.cpp */,
				03A075A512D11AA700EE7497 /* ofxTCPManager.h */,
				03A075A612D11AA700EE7497 /* ofxTCPServer.cpp */,
				03A075A712D11AA700EE7497 /* ofxTCPServer.h */,
			);
			path = src;
			sourceTree = "<group>";
		};
		03A075B212D11AC200EE7497 /* ofxThread */ = {
			isa = PBXGroup;
			children = (
				03A075B312D11AC200EE7497 /* docs */,
				03A075B512D11AC200EE7497 /* install.xml */,
				03A075B612D11AC200EE7497 /* src */,
			);
			name = ofxThread;
			path = ../../../addons/ofxThread;
			sourceTree = SOURCE_ROOT;
		};
		03A075B312D11AC200EE7497 /* docs */ = {
			isa = PBXGroup;
			children = (
				03A075B412D11AC200EE7497 /* Instructions.txt */,
			);
			path = docs;
			sourceTree = "<group>";
		};
		03A075B612D11AC200EE7497 /* src */ = {
			isa = PBXGroup;
			children = (
				03A075B712D11AC200EE7497 /* ofxThread.cpp */,
				03A075B812D11AC200EE7497 /* ofxThread.h */,
			);
			path = src;
			sourceTree = "<group>";
		};
		03A0762212D1271D00EE7497 /* mongoose */ = {
			isa = PBXGroup;
			children = (
				03A0762312D1271D00EE7497 /* mongoose.c */,
				03A0762412D1271D00EE7497 /* mongoose.h */,
			);
			name = mongoose;
			path = addons/mongoose;
			sourceTree = "<group>";
		};
		03C8BCC412BEADF30070CBD7 /* ofxWebSimpleGuiToo */ = {
			isa = PBXGroup;
			children = (
				03C8BCC512BEADF30070CBD7 /* ofxWebSimpleGuiToo.cpp */,
				03C8BCC612BEADF30070CBD7 /* ofxWebSimpleGuiToo.h */,
			);
			name = ofxWebSimpleGuiToo;
			path = addons/ofxWebSimpleGuiToo;
			sourceTree = "<group>";
		};
		03C8BCCA12BEAEA90070CBD7 /* ofxWebServer */ = {
			isa = PBXGroup;
			children = (
				03C8BCCB12BEAEA90070CBD7 /* ofxWebServer.cpp */,
				03C8BCCC12BEAEA90070CBD7 /* ofxWebServer.h */,
				03C8BCCD12BEAEA90070CBD7 /* ofxWSRequestHandler.cpp */,
				03C8BCCE12BEAEA90070CBD7 /* ofxWSRequestHandler.h */,
			);
			name = ofxWebServer;
			path = addons/ofxWebServer;
			sourceTree = "<group>";
		};
		03C8BD0912BEAED10070CBD7 /* ofxMSAInteractiveObject */ = {
			isa = PBXGroup;
			children = (
				03C8BD0A12BEAED10070CBD7 /* changelog.txt */,
				03C8BD0B12BEAED10070CBD7 /* install.xml */,
				03C8BD0C12BEAED10070CBD7 /* LICENSE.txt */,
				03C8BD0D12BEAED10070CBD7 /* src */,
			);
			name = ofxMSAInteractiveObject;
			path = addons/ofxMSAInteractiveObject;
			sourceTree = "<group>";
		};
		03C8BD0D12BEAED10070CBD7 /* src */ = {
			isa = PBXGroup;
			children = (
				03C8BD0E12BEAED10070CBD7 /* ofxMSAInteractiveObject.cpp */,
				03C8BD0F12BEAED10070CBD7 /* ofxMSAInteractiveObject.h */,
			);
			path = src;
			sourceTree = "<group>";
		};
		03C8BD1112BEAEDB0070CBD7 /* ofxXmlSettings */ = {
			isa = PBXGroup;
			children = (
				03C8BD1212BEAEDB0070CBD7 /* install.xml */,
				03C8BD1312BEAEDB0070CBD7 /* libs */,
				03C8BD1812BEAEDB0070CBD7 /* src */,
			);
			name = ofxXmlSettings;
			path = ../../../addons/ofxXmlSettings;
			sourceTree = SOURCE_ROOT;
		};
		03C8BD1312BEAEDB0070CBD7 /* libs */ = {
			isa = PBXGroup;
			children = (
				03C8BD1412BEAEDB0070CBD7 /* tinyxml.cpp */,
				03C8BD1512BEAEDB0070CBD7 /* tinyxml.h */,
				03C8BD1612BEAEDB0070CBD7 /* tinyxmlerror.cpp */,
				03C8BD1712BEAEDB0070CBD7 /* tinyxmlparser.cpp */,
			);
			path = libs;
			sourceTree = "<group>";
		};
		03C8BD1812BEAEDB0070CBD7 /* src */ = {
			isa = PBXGroup;
			children = (
				03C8BD1912BEAEDB0070CBD7 /* ofxXmlSettings.cpp */,
				03C8BD1A12BEAEDB0070CBD7 /* ofxXmlSettings.h */,
			);
			path = src;
			sourceTree = "<group>";
		};
		BB4B018C10F6955C006C3DED /* addons */ = {
			isa = PBXGroup;
			children = (
				03A0762212D1271D00EE7497 /* mongoose */,
				03A075B212D11AC200EE7497 /* ofxThread */,
				03A0759B12D11AA700EE7497 /* ofxNetwork */,
				03A0754812D1195B00EE7497 /* ofxTuioWrapper */,
				032E1AE112C69B72009C7FF8 /* ofxSimpleGuiToo */,
				03C8BD1112BEAEDB0070CBD7 /* ofxXmlSettings */,
				03C8BD0912BEAED10070CBD7 /* ofxMSAInteractiveObject */,
				03C8BCCA12BEAEA90070CBD7 /* ofxWebServer */,
				03C8BCC412BEADF30070CBD7 /* ofxWebSimpleGuiToo */,
			);
			name = addons;
			sourceTree = "<group>";
		};
		E45BE0360E8CC5DE009D7055 /* libs */ = {
			isa = PBXGroup;
			children = (
				E45BEED60E8CCB34009D7055 /* core */,
			);
			name = libs;
			sourceTree = "<group>";
		};
		E45BE0370E8CC647009D7055 /* freeimage */ = {
			isa = PBXGroup;
			children = (
				E4C246D810CCAE22004149E2 /* osx */,
				E45BE0380E8CC647009D7055 /* include */,
			);
			name = freeimage;
			path = ../../../libs/freeimage;
			sourceTree = SOURCE_ROOT;
		};
		E45BE0380E8CC647009D7055 /* include */ = {
			isa = PBXGroup;
			children = (
				E45BE0390E8CC647009D7055 /* FreeImage.h */,
			);
			name = include;
			path = ../../../libs/freeimage/include;
			sourceTree = SOURCE_ROOT;
		};
		E45BE03D0E8CC650009D7055 /* fmodex */ = {
			isa = PBXGroup;
			children = (
				E45BE03E0E8CC650009D7055 /* inc */,
				E4C2428E10CC5C18004149E2 /* osx */,
			);
			name = fmodex;
			path = ../../../libs/fmodex;
			sourceTree = SOURCE_ROOT;
		};
		E45BE03E0E8CC650009D7055 /* inc */ = {
			isa = PBXGroup;
			children = (
				E45BE03F0E8CC650009D7055 /* fmod.h */,
				E45BE0400E8CC650009D7055 /* fmod.hpp */,
				E45BE0410E8CC650009D7055 /* fmod_codec.h */,
				E45BE0420E8CC650009D7055 /* fmod_dsp.h */,
				E45BE0430E8CC650009D7055 /* fmod_errors.h */,
				E45BE0440E8CC650009D7055 /* fmod_output.h */,
			);
			name = inc;
			path = ../../../libs/fmodex/include;
			sourceTree = SOURCE_ROOT;
		};
		E45BE0480E8CC657009D7055 /* core libraries */ = {
			isa = PBXGroup;
			children = (
				E4C2425B10CC5A78004149E2 /* glut */,
				E45BEC7B0E8CC911009D7055 /* poco */,
				E45BE2D50E8CC69C009D7055 /* rtAudio */,
				E45BE0A50E8CC67C009D7055 /* GLee */,
				E45BE0490E8CC676009D7055 /* freetype */,
				E45BE03D0E8CC650009D7055 /* fmodex */,
				E45BE0370E8CC647009D7055 /* freeimage */,
			);
			name = "core libraries";
			sourceTree = "<group>";
		};
		E45BE0490E8CC676009D7055 /* freetype */ = {
			isa = PBXGroup;
			children = (
				E4C2429210CC5C38004149E2 /* osx */,
			);
			name = freetype;
			path = ../../../libs/freetype;
			sourceTree = SOURCE_ROOT;
		};
		E45BE0A50E8CC67C009D7055 /* GLee */ = {
			isa = PBXGroup;
			children = (
				E45BE0A60E8CC67C009D7055 /* include */,
				E45BE0A80E8CC67C009D7055 /* lib */,
			);
			name = GLee;
			path = ../../../libs/GLee;
			sourceTree = SOURCE_ROOT;
		};
		E45BE0A60E8CC67C009D7055 /* include */ = {
			isa = PBXGroup;
			children = (
				E45BE0A70E8CC67C009D7055 /* GLee.h */,
			);
			name = include;
			path = ../../../libs/GLee/include;
			sourceTree = SOURCE_ROOT;
		};
		E45BE0A80E8CC67C009D7055 /* lib */ = {
			isa = PBXGroup;
			children = (
				E45BE0A90E8CC67C009D7055 /* GLee.a */,
			);
			name = lib;
			path = ../../../libs/GLee/lib/osx;
			sourceTree = SOURCE_ROOT;
		};
		E45BE2D50E8CC69C009D7055 /* rtAudio */ = {
			isa = PBXGroup;
			children = (
				E45BE2D60E8CC69C009D7055 /* include */,
				E45BE2E20E8CC69C009D7055 /* lib */,
			);
			name = rtAudio;
			path = ../../../libs/rtAudio;
			sourceTree = SOURCE_ROOT;
		};
		E45BE2D60E8CC69C009D7055 /* include */ = {
			isa = PBXGroup;
			children = (
				E45BE2D70E8CC69C009D7055 /* asio */,
				E45BE2E00E8CC69C009D7055 /* RtAudio.h */,
				E45BE2E10E8CC69C009D7055 /* RtError.h */,
			);
			name = include;
			path = ../../../libs/rtAudio/include;
			sourceTree = SOURCE_ROOT;
		};
		E45BE2D70E8CC69C009D7055 /* asio */ = {
			isa = PBXGroup;
			children = (
			);
			name = asio;
			path = ../../../libs/rtAudio/include/asio;
			sourceTree = SOURCE_ROOT;
		};
		E45BE2E20E8CC69C009D7055 /* lib */ = {
			isa = PBXGroup;
			children = (
				E45BE2E30E8CC69C009D7055 /* rtAudio.a */,
			);
			name = lib;
			path = ../../../libs/rtAudio/lib/osx;
			sourceTree = SOURCE_ROOT;
		};
		E45BE5980E8CC70C009D7055 /* core frameworks */ = {
			isa = PBXGroup;
			children = (
				E4C2424410CC5A17004149E2 /* AppKit.framework */,
				E4C2424510CC5A17004149E2 /* Cocoa.framework */,
				E4C2424610CC5A17004149E2 /* IOKit.framework */,
				E45BE9710E8CC7DD009D7055 /* AGL.framework */,
				E45BE9720E8CC7DD009D7055 /* ApplicationServices.framework */,
				E45BE9730E8CC7DD009D7055 /* AudioToolbox.framework */,
				E45BE9740E8CC7DD009D7055 /* Carbon.framework */,
				E45BE9750E8CC7DD009D7055 /* CoreAudio.framework */,
				E45BE9760E8CC7DD009D7055 /* CoreFoundation.framework */,
				E45BE9770E8CC7DD009D7055 /* CoreServices.framework */,
				E45BE9790E8CC7DD009D7055 /* OpenGL.framework */,
				E45BE97A0E8CC7DD009D7055 /* QuickTime.framework */,
			);
			name = "core frameworks";
			sourceTree = "<group>";
		};
		E45BEC7B0E8CC911009D7055 /* poco */ = {
			isa = PBXGroup;
			children = (
				E4C2427910CC5B66004149E2 /* osx */,
			);
			name = poco;
			path = ../../../libs/poco;
			sourceTree = SOURCE_ROOT;
		};
		E45BEED60E8CCB34009D7055 /* core */ = {
			isa = PBXGroup;
			children = (
				E45BE0480E8CC657009D7055 /* core libraries */,
				E45BE5980E8CC70C009D7055 /* core frameworks */,
			);
			name = core;
			sourceTree = "<group>";
		};
		E4B69B4A0A3A1720003C02F2 = {
			isa = PBXGroup;
			children = (
				0326B86E12BEC2EB006D0D37 /* webpage */,
				E4B69B5B0A3A1756003C02F2 /* ofxWebSimpleGuiTooExample.app */,
				E4B6FCAD0C3E899E008CF71C /* openFrameworks-Info.plist */,
				E4B69E1C0A3A1BDC003C02F2 /* src */,
				BB4B018C10F6955C006C3DED /* addons */,
				E4C2422310CC54B6004149E2 /* openFrameworks */,
				E45BE0360E8CC5DE009D7055 /* libs */,
			);
			sourceTree = "<group>";
		};
		E4B69E1C0A3A1BDC003C02F2 /* src */ = {
			isa = PBXGroup;
			children = (
				E4B69E1D0A3A1BDC003C02F2 /* main.cpp */,
				E4B69E1E0A3A1BDC003C02F2 /* testApp.cpp */,
				E4B69E1F0A3A1BDC003C02F2 /* testApp.h */,
			);
			path = src;
			sourceTree = SOURCE_ROOT;
		};
		E4C2421710CC549C004149E2 /* Products */ = {
			isa = PBXGroup;
			children = (
				E4C2421E10CC549C004149E2 /* openFrameworksDebug.a */,
			);
			name = Products;
			sourceTree = "<group>";
		};
		E4C2422310CC54B6004149E2 /* openFrameworks */ = {
			isa = PBXGroup;
			children = (
				E4C2421610CC549C004149E2 /* openFrameworksLib.xcodeproj */,
			);
			name = openFrameworks;
			sourceTree = "<group>";
		};
		E4C2425B10CC5A78004149E2 /* glut */ = {
			isa = PBXGroup;
			children = (
				E4C2425D10CC5A78004149E2 /* lib */,
			);
			name = glut;
			path = ../../../libs/glut;
			sourceTree = SOURCE_ROOT;
		};
		E4C2425D10CC5A78004149E2 /* lib */ = {
			isa = PBXGroup;
			children = (
				E4C2425E10CC5A78004149E2 /* osx */,
			);
			name = lib;
			path = ../../../libs/glut/lib;
			sourceTree = SOURCE_ROOT;
		};
		E4C2425E10CC5A78004149E2 /* osx */ = {
			isa = PBXGroup;
			children = (
				E4C2425F10CC5A78004149E2 /* GLUT.framework */,
			);
			name = osx;
			path = ../../../libs/glut/lib/osx;
			sourceTree = SOURCE_ROOT;
		};
		E4C2427910CC5B66004149E2 /* osx */ = {
			isa = PBXGroup;
			children = (
				E4C2427A10CC5B66004149E2 /* CppUnit.a */,
				E4C2427B10CC5B66004149E2 /* PocoFoundation.a */,
				E4C2427C10CC5B66004149E2 /* PocoNet.a */,
				E4C2427D10CC5B66004149E2 /* PocoUtil.a */,
				E4C2427E10CC5B66004149E2 /* PocoXML.a */,
			);
			name = osx;
			path = ../../../libs/poco/lib/osx;
			sourceTree = SOURCE_ROOT;
		};
		E4C2428E10CC5C18004149E2 /* osx */ = {
			isa = PBXGroup;
			children = (
				E4C242CC10CC650E004149E2 /* libfmodex.dylib */,
			);
			name = osx;
			path = ../../../libs/fmodex/lib/osx;
			sourceTree = SOURCE_ROOT;
		};
		E4C2429210CC5C38004149E2 /* osx */ = {
			isa = PBXGroup;
			children = (
				E4C2429310CC5C38004149E2 /* freetype.a */,
			);
			name = osx;
			path = ../../../libs/freetype/lib/osx;
			sourceTree = SOURCE_ROOT;
		};
		E4C246D810CCAE22004149E2 /* osx */ = {
			isa = PBXGroup;
			children = (
				E4C246D910CCAE22004149E2 /* freeimage.a */,
			);
			name = osx;
			path = ../../../libs/FreeImage/lib/osx;
			sourceTree = SOURCE_ROOT;
		};
/* End PBXGroup section */

/* Begin PBXNativeTarget section */
		E4B69B5A0A3A1756003C02F2 /* ofxWebSimpleGuiTooExample */ = {
			isa = PBXNativeTarget;
			buildConfigurationList = E4B69B5F0A3A1757003C02F2 /* Build configuration list for PBXNativeTarget "ofxWebSimpleGuiTooExample" */;
			buildPhases = (
				E4B69B580A3A1756003C02F2 /* Sources */,
				E4B69B590A3A1756003C02F2 /* Frameworks */,
				E4B6FFFD0C3F9AB9008CF71C /* ShellScript */,
				E4C2427710CC5ABF004149E2 /* CopyFiles */,
				E4C2444710CC769B004149E2 /* CopyFiles */,
			);
			buildRules = (
			);
			dependencies = (
				E4C2422810CC54DA004149E2 /* PBXTargetDependency */,
			);
			name = ofxWebSimpleGuiTooExample;
			productName = myOFApp;
			productReference = E4B69B5B0A3A1756003C02F2 /* ofxWebSimpleGuiTooExample.app */;
			productType = "com.apple.product-type.application";
		};
/* End PBXNativeTarget section */

/* Begin PBXProject section */
		E4B69B4C0A3A1720003C02F2 /* Project object */ = {
			isa = PBXProject;
			buildConfigurationList = E4B69B4D0A3A1720003C02F2 /* Build configuration list for PBXProject "ofxWebSimpleGuiTooExample" */;
			compatibilityVersion = "Xcode 2.4";
			developmentRegion = English;
			hasScannedForEncodings = 0;
			knownRegions = (
				English,
				Japanese,
				French,
				German,
			);
			mainGroup = E4B69B4A0A3A1720003C02F2;
			productRefGroup = E4B69B4A0A3A1720003C02F2;
			projectDirPath = "";
			projectReferences = (
				{
					ProductGroup = E4C2421710CC549C004149E2 /* Products */;
					ProjectRef = E4C2421610CC549C004149E2 /* openFrameworksLib.xcodeproj */;
				},
			);
			projectRoot = "";
			targets = (
				E4B69B5A0A3A1756003C02F2 /* ofxWebSimpleGuiTooExample */,
			);
		};
/* End PBXProject section */

/* Begin PBXReferenceProxy section */
		E4C2421E10CC549C004149E2 /* openFrameworksDebug.a */ = {
			isa = PBXReferenceProxy;
			fileType = archive.ar;
			path = openFrameworksDebug.a;
			remoteRef = E4C2421D10CC549C004149E2 /* PBXContainerItemProxy */;
			sourceTree = BUILT_PRODUCTS_DIR;
		};
/* End PBXReferenceProxy section */

/* Begin PBXShellScriptBuildPhase section */
		E4B6FFFD0C3F9AB9008CF71C /* ShellScript */ = {
			isa = PBXShellScriptBuildPhase;
			buildActionMask = 2147483647;
			files = (
			);
			inputPaths = (
			);
			outputPaths = (
			);
			runOnlyForDeploymentPostprocessing = 0;
			shellPath = /bin/sh;
			shellScript = "cp -f ../../../libs/fmodex/lib/osx/libfmodex.dylib \"$TARGET_BUILD_DIR/$PRODUCT_NAME.app/Contents/MacOS/libfmodex.dylib\"\ninstall_name_tool -change ./libfmodex.dylib @executable_path/libfmodex.dylib \"$TARGET_BUILD_DIR/$PRODUCT_NAME.app/Contents/MacOS/$PRODUCT_NAME\" ";
		};
/* End PBXShellScriptBuildPhase section */

/* Begin PBXSourcesBuildPhase section */
		E4B69B580A3A1756003C02F2 /* Sources */ = {
			isa = PBXSourcesBuildPhase;
			buildActionMask = 2147483647;
			files = (
				E4B69E200A3A1BDC003C02F2 /* main.cpp in Sources */,
				E4B69E210A3A1BDC003C02F2 /* testApp.cpp in Sources */,
				03C8BCC712BEADF30070CBD7 /* ofxWebSimpleGuiToo.cpp in Sources */,
				03C8BCCF12BEAEA90070CBD7 /* ofxWebServer.cpp in Sources */,
				03C8BCD012BEAEA90070CBD7 /* ofxWSRequestHandler.cpp in Sources */,
				03C8BD1012BEAED10070CBD7 /* ofxMSAInteractiveObject.cpp in Sources */,
				03C8BD1B12BEAEDB0070CBD7 /* tinyxml.cpp in Sources */,
				03C8BD1C12BEAEDB0070CBD7 /* tinyxmlerror.cpp in Sources */,
				03C8BD1D12BEAEDB0070CBD7 /* tinyxmlparser.cpp in Sources */,
				03C8BD1E12BEAEDB0070CBD7 /* ofxXmlSettings.cpp in Sources */,
				032E1B1212C69B72009C7FF8 /* ofxSimpleGuiButton.cpp in Sources */,
				032E1B1312C69B72009C7FF8 /* ofxSimpleGuiColorPicker.cpp in Sources */,
				032E1B1412C69B72009C7FF8 /* ofxSimpleGuiComboBox.cpp in Sources */,
				032E1B1512C69B72009C7FF8 /* ofxSimpleGuiContent.cpp in Sources */,
				032E1B1612C69B72009C7FF8 /* ofxSimpleGuiFPSCounter.cpp in Sources */,
				032E1B1712C69B72009C7FF8 /* ofxSimpleGuiMovieSlider.cpp in Sources */,
				032E1B1812C69B72009C7FF8 /* ofxSimpleGuiQuadWarp.cpp in Sources */,
				032E1B1912C69B72009C7FF8 /* ofxSimpleGuiSlider2d.cpp in Sources */,
				032E1B1A12C69B72009C7FF8 /* ofxSimpleGuiTitle.cpp in Sources */,
				032E1B1B12C69B72009C7FF8 /* ofxSimpleGuiToggle.cpp in Sources */,
				032E1B1C12C69B72009C7FF8 /* ofxSimpleGuiConfig.cpp in Sources */,
				032E1B1D12C69B72009C7FF8 /* ofxSimpleGuiControl.cpp in Sources */,
				032E1B1E12C69B72009C7FF8 /* ofxSimpleGuiPage.cpp in Sources */,
				032E1B1F12C69B72009C7FF8 /* ofxSimpleGuiToo.cpp in Sources */,
				032E1B2012C69B72009C7FF8 /* ofxSimpleGuiValueControl.cpp in Sources */,
				03A0757312D1195B00EE7497 /* TuioClient.cpp in Sources */,
				03A0757412D1195B00EE7497 /* TuioServer.cpp in Sources */,
				03A0757512D1195B00EE7497 /* TuioTime.cpp in Sources */,
				03A0757612D1195B00EE7497 /* ofxTuioClient.cpp in Sources */,
				03A0757712D1195B00EE7497 /* ofxTuioServer.cpp in Sources */,
				03A0757A12D1195B00EE7497 /* TuioTcpXmlServer.cpp in Sources */,
				03A075AA12D11AA700EE7497 /* ofxTCPClient.cpp in Sources */,
				03A075AB12D11AA700EE7497 /* ofxTCPManager.cpp in Sources */,
				03A075AC12D11AA700EE7497 /* ofxTCPServer.cpp in Sources */,
				03A075B912D11AC200EE7497 /* ofxThread.cpp in Sources */,
				03A0762512D1271D00EE7497 /* mongoose.c in Sources */,
			);
			runOnlyForDeploymentPostprocessing = 0;
		};
/* End PBXSourcesBuildPhase section */

/* Begin PBXTargetDependency section */
		E4C2422810CC54DA004149E2 /* PBXTargetDependency */ = {
			isa = PBXTargetDependency;
			name = openFrameworks;
			targetProxy = E4C2422710CC54DA004149E2 /* PBXContainerItemProxy */;
		};
/* End PBXTargetDependency section */

/* Begin XCBuildConfiguration section */
		E4B27CA010CBF8A600536013 /* ReleaseUniversal */ = {
			isa = XCBuildConfiguration;
			buildSettings = {
				ARCHS = (
					ppc,
					i386,
				);
				CONFIGURATION_BUILD_DIR = "$(SRCROOT)/bin/";
				COPY_PHASE_STRIP = YES;
				DEAD_CODE_STRIPPING = YES;
				GCC_AUTO_VECTORIZATION = YES;
				GCC_ENABLE_SSE3_EXTENSIONS = YES;
				GCC_ENABLE_SUPPLEMENTAL_SSE3_INSTRUCTIONS = YES;
				GCC_INLINES_ARE_PRIVATE_EXTERN = NO;
				GCC_MODEL_TUNING = G5;
				GCC_OPTIMIZATION_LEVEL = 3;
				GCC_SYMBOLS_PRIVATE_EXTERN = NO;
				GCC_UNROLL_LOOPS = YES;
				GCC_WARN_ABOUT_DEPRECATED_FUNCTIONS = NO;
				GCC_WARN_ABOUT_INVALID_OFFSETOF_MACRO = NO;
				GCC_WARN_ALLOW_INCOMPLETE_PROTOCOL = NO;
				GCC_WARN_UNINITIALIZED_AUTOS = NO;
				GCC_WARN_UNUSED_VALUE = NO;
				GCC_WARN_UNUSED_VARIABLE = NO;
				HEADER_SEARCH_PATHS = (
					"../../../libs/openFrameworks/**",
					../../../libs/freetype/include/,
					../../../libs/freetype/include/freetype2,
					../../../libs/poco/include,
				);
				OTHER_CPLUSPLUSFLAGS = (
					"-D__MACOSX_CORE__",
					"-lpthread",
				);
				OTHER_LDFLAGS = "";
				SDKROOT = macosx;
			};
			name = ReleaseUniversal;
		};
		E4B27CA110CBF8A600536013 /* ReleaseUniversal */ = {
			isa = XCBuildConfiguration;
			buildSettings = {
				COPY_PHASE_STRIP = YES;
				FRAMEWORK_SEARCH_PATHS = (
					"$(inherited)",
					"$(FRAMEWORK_SEARCH_PATHS_QUOTED_FOR_TARGET_1)",
				);
				FRAMEWORK_SEARCH_PATHS_QUOTED_FOR_TARGET_1 = "\"$(SRCROOT)/../../../libs/glut/lib/osx\"";
				GCC_ENABLE_FIX_AND_CONTINUE = NO;
				GCC_GENERATE_DEBUGGING_SYMBOLS = NO;
				GCC_MODEL_TUNING = G4;
				GCC_PRECOMPILE_PREFIX_HEADER = YES;
				GCC_PREFIX_HEADER = "$(SYSTEM_LIBRARY_DIR)/Frameworks/Carbon.framework/Headers/Carbon.h";
				INFOPLIST_FILE = "openFrameworks-Info.plist";
				INSTALL_PATH = "$(HOME)/Applications";
				LIBRARY_SEARCH_PATHS = (
					"$(inherited)",
					"$(LIBRARY_SEARCH_PATHS_QUOTED_FOR_TARGET_1)",
					"$(LIBRARY_SEARCH_PATHS_QUOTED_FOR_TARGET_2)",
					"$(LIBRARY_SEARCH_PATHS_QUOTED_FOR_TARGET_3)",
					"$(LIBRARY_SEARCH_PATHS_QUOTED_FOR_TARGET_4)",
					"$(LIBRARY_SEARCH_PATHS_QUOTED_FOR_TARGET_5)",
					"$(LIBRARY_SEARCH_PATHS_QUOTED_FOR_TARGET_6)",
					"$(LIBRARY_SEARCH_PATHS_QUOTED_FOR_TARGET_7)",
					"$(LIBRARY_SEARCH_PATHS_QUOTED_FOR_TARGET_8)",
					"$(LIBRARY_SEARCH_PATHS_QUOTED_FOR_TARGET_9)",
					"$(LIBRARY_SEARCH_PATHS_QUOTED_FOR_TARGET_10)",
					"$(LIBRARY_SEARCH_PATHS_QUOTED_FOR_TARGET_11)",
					"$(LIBRARY_SEARCH_PATHS_QUOTED_FOR_TARGET_12)",
					"$(LIBRARY_SEARCH_PATHS_QUOTED_FOR_TARGET_13)",
					"$(LIBRARY_SEARCH_PATHS_QUOTED_FOR_TARGET_14)",
					"$(LIBRARY_SEARCH_PATHS_QUOTED_FOR_TARGET_15)",
					"$(LIBRARY_SEARCH_PATHS_QUOTED_FOR_TARGET_2)",
					"$(LIBRARY_SEARCH_PATHS_QUOTED_1)",
					"$(LIBRARY_SEARCH_PATHS_QUOTED_2)",
				);
				LIBRARY_SEARCH_PATHS_QUOTED_1 = "\"$(SRCROOT)/addons/ofxTuioWrapper/oscpack/lib/win32\"";
				LIBRARY_SEARCH_PATHS_QUOTED_2 = "\"$(SRCROOT)/addons/ofxTuioWrapper/oscpack/lib/osx\"";
				LIBRARY_SEARCH_PATHS_QUOTED_FOR_TARGET_1 = "\"$(SRCROOT)/../../../libs/freeimage/lib/osx\"";
				LIBRARY_SEARCH_PATHS_QUOTED_FOR_TARGET_14 = "\"$(SRCROOT)/../../../libs/fmodex/lib/osx\"";
				LIBRARY_SEARCH_PATHS_QUOTED_FOR_TARGET_15 = "\"$(SRCROOT)/../../../libs/freetype/lib/osx\"";
				LIBRARY_SEARCH_PATHS_QUOTED_FOR_TARGET_2 = "\"$(SRCROOT)/../../../libs/FreeImage/lib/osx\"";
				LIBRARY_SEARCH_PATHS_QUOTED_FOR_TARGET_4 = "\"$(SRCROOT)/../../../libs/GLee/lib/osx\"";
				LIBRARY_SEARCH_PATHS_QUOTED_FOR_TARGET_5 = "\"$(SRCROOT)/../../../libs/poco/lib/osx\"";
				LIBRARY_SEARCH_PATHS_QUOTED_FOR_TARGET_6 = "\"$(SRCROOT)/../../../libs/rtAudio/lib/osx\"";
				PREBINDING = NO;
				PRODUCT_NAME = ofxWebSimpleGuiTooExample;
				WRAPPER_EXTENSION = app;
				ZERO_LINK = NO;
			};
			name = ReleaseUniversal;
		};
		E4B69B4E0A3A1720003C02F2 /* Debug */ = {
			isa = XCBuildConfiguration;
			buildSettings = {
				ARCHS = "$(NATIVE_ARCH)";
				CONFIGURATION_BUILD_DIR = "$(SRCROOT)/bin/";
				COPY_PHASE_STRIP = NO;
				DEAD_CODE_STRIPPING = YES;
				GCC_AUTO_VECTORIZATION = YES;
				GCC_ENABLE_SSE3_EXTENSIONS = YES;
				GCC_ENABLE_SUPPLEMENTAL_SSE3_INSTRUCTIONS = YES;
				GCC_INLINES_ARE_PRIVATE_EXTERN = NO;
				GCC_MODEL_TUNING = G5;
				GCC_SYMBOLS_PRIVATE_EXTERN = NO;
				GCC_WARN_ABOUT_DEPRECATED_FUNCTIONS = NO;
				GCC_WARN_ABOUT_INVALID_OFFSETOF_MACRO = NO;
				GCC_WARN_ALLOW_INCOMPLETE_PROTOCOL = NO;
				GCC_WARN_UNINITIALIZED_AUTOS = NO;
				GCC_WARN_UNUSED_VALUE = NO;
				GCC_WARN_UNUSED_VARIABLE = NO;
				HEADER_SEARCH_PATHS = (
					"../../../libs/openFrameworks/**",
					../../../libs/freetype/include/,
					../../../libs/freetype/include/freetype2,
					../../../libs/poco/include,
				);
				OTHER_CPLUSPLUSFLAGS = (
					"-D__MACOSX_CORE__",
					"-lpthread",
				);
				OTHER_LDFLAGS = "";
				SDKROOT = macosx;
			};
			name = Debug;
		};
		E4B69B4F0A3A1720003C02F2 /* Release */ = {
			isa = XCBuildConfiguration;
			buildSettings = {
				ARCHS = "$(NATIVE_ARCH)";
				CONFIGURATION_BUILD_DIR = "$(SRCROOT)/bin/";
				COPY_PHASE_STRIP = YES;
				DEAD_CODE_STRIPPING = YES;
				GCC_AUTO_VECTORIZATION = YES;
				GCC_ENABLE_SSE3_EXTENSIONS = YES;
				GCC_ENABLE_SUPPLEMENTAL_SSE3_INSTRUCTIONS = YES;
				GCC_INLINES_ARE_PRIVATE_EXTERN = NO;
				GCC_MODEL_TUNING = G5;
				GCC_OPTIMIZATION_LEVEL = 3;
				GCC_SYMBOLS_PRIVATE_EXTERN = NO;
				GCC_UNROLL_LOOPS = YES;
				GCC_WARN_ABOUT_DEPRECATED_FUNCTIONS = NO;
				GCC_WARN_ABOUT_INVALID_OFFSETOF_MACRO = NO;
				GCC_WARN_ALLOW_INCOMPLETE_PROTOCOL = NO;
				GCC_WARN_UNINITIALIZED_AUTOS = NO;
				GCC_WARN_UNUSED_VALUE = NO;
				GCC_WARN_UNUSED_VARIABLE = NO;
				HEADER_SEARCH_PATHS = (
					"../../../libs/openFrameworks/**",
					../../../libs/freetype/include/,
					../../../libs/freetype/include/freetype2,
					../../../libs/poco/include,
				);
				OTHER_CPLUSPLUSFLAGS = (
					"-D__MACOSX_CORE__",
					"-lpthread",
				);
				OTHER_LDFLAGS = "";
				SDKROOT = macosx;
			};
			name = Release;
		};
		E4B69B600A3A1757003C02F2 /* Debug */ = {
			isa = XCBuildConfiguration;
			buildSettings = {
				COPY_PHASE_STRIP = NO;
				FRAMEWORK_SEARCH_PATHS = (
					"$(inherited)",
					"$(FRAMEWORK_SEARCH_PATHS_QUOTED_FOR_TARGET_1)",
				);
				FRAMEWORK_SEARCH_PATHS_QUOTED_FOR_TARGET_1 = "\"$(SRCROOT)/../../../libs/glut/lib/osx\"";
				GCC_DYNAMIC_NO_PIC = NO;
				GCC_ENABLE_FIX_AND_CONTINUE = YES;
				GCC_GENERATE_DEBUGGING_SYMBOLS = YES;
				GCC_MODEL_TUNING = G4;
				GCC_OPTIMIZATION_LEVEL = 0;
				GCC_PRECOMPILE_PREFIX_HEADER = YES;
				GCC_PREFIX_HEADER = "$(SYSTEM_LIBRARY_DIR)/Frameworks/Carbon.framework/Headers/Carbon.h";
				INFOPLIST_FILE = "openFrameworks-Info.plist";
				INSTALL_PATH = "$(HOME)/Applications";
				LIBRARY_SEARCH_PATHS = (
					"$(inherited)",
					"$(LIBRARY_SEARCH_PATHS_QUOTED_FOR_TARGET_1)",
					"$(LIBRARY_SEARCH_PATHS_QUOTED_FOR_TARGET_2)",
					"$(LIBRARY_SEARCH_PATHS_QUOTED_FOR_TARGET_3)",
					"$(LIBRARY_SEARCH_PATHS_QUOTED_FOR_TARGET_4)",
					"$(LIBRARY_SEARCH_PATHS_QUOTED_FOR_TARGET_5)",
					"$(LIBRARY_SEARCH_PATHS_QUOTED_FOR_TARGET_6)",
					"$(LIBRARY_SEARCH_PATHS_QUOTED_FOR_TARGET_7)",
					"$(LIBRARY_SEARCH_PATHS_QUOTED_FOR_TARGET_8)",
					"$(LIBRARY_SEARCH_PATHS_QUOTED_FOR_TARGET_9)",
					"$(LIBRARY_SEARCH_PATHS_QUOTED_FOR_TARGET_10)",
					"$(LIBRARY_SEARCH_PATHS_QUOTED_FOR_TARGET_11)",
					"$(LIBRARY_SEARCH_PATHS_QUOTED_FOR_TARGET_12)",
					"$(LIBRARY_SEARCH_PATHS_QUOTED_FOR_TARGET_13)",
					"$(LIBRARY_SEARCH_PATHS_QUOTED_FOR_TARGET_14)",
					"$(LIBRARY_SEARCH_PATHS_QUOTED_FOR_TARGET_15)",
					"$(LIBRARY_SEARCH_PATHS_QUOTED_FOR_TARGET_2)",
					"$(LIBRARY_SEARCH_PATHS_QUOTED_FOR_TARGET_3)",
					"$(LIBRARY_SEARCH_PATHS_QUOTED_FOR_TARGET_7)",
				);
				LIBRARY_SEARCH_PATHS_QUOTED_FOR_TARGET_1 = "\"$(SRCROOT)/../../../libs/freeimage/lib/osx\"";
				LIBRARY_SEARCH_PATHS_QUOTED_FOR_TARGET_14 = "\"$(SRCROOT)/../../../libs/fmodex/lib/osx\"";
				LIBRARY_SEARCH_PATHS_QUOTED_FOR_TARGET_15 = "\"$(SRCROOT)/../../../libs/freetype/lib/osx\"";
				LIBRARY_SEARCH_PATHS_QUOTED_FOR_TARGET_2 = "\"$(SRCROOT)/../../../libs/FreeImage/lib/osx\"";
				LIBRARY_SEARCH_PATHS_QUOTED_FOR_TARGET_3 = "\"$(SRCROOT)/addons/ofxTuioWrapper/oscpack/lib/win32\"";
				LIBRARY_SEARCH_PATHS_QUOTED_FOR_TARGET_4 = "\"$(SRCROOT)/../../../libs/GLee/lib/osx\"";
				LIBRARY_SEARCH_PATHS_QUOTED_FOR_TARGET_5 = "\"$(SRCROOT)/../../../libs/poco/lib/osx\"";
				LIBRARY_SEARCH_PATHS_QUOTED_FOR_TARGET_6 = "\"$(SRCROOT)/../../../libs/rtAudio/lib/osx\"";
				LIBRARY_SEARCH_PATHS_QUOTED_FOR_TARGET_7 = "\"$(SRCROOT)/addons/ofxTuioWrapper/oscpack/lib/osx\"";
				PREBINDING = NO;
				PRODUCT_NAME = ofxWebSimpleGuiTooExample;
				WRAPPER_EXTENSION = app;
				ZERO_LINK = NO;
			};
			name = Debug;
		};
		E4B69B610A3A1757003C02F2 /* Release */ = {
			isa = XCBuildConfiguration;
			buildSettings = {
				COPY_PHASE_STRIP = YES;
				FRAMEWORK_SEARCH_PATHS = (
					"$(inherited)",
					"$(FRAMEWORK_SEARCH_PATHS_QUOTED_FOR_TARGET_1)",
				);
				FRAMEWORK_SEARCH_PATHS_QUOTED_FOR_TARGET_1 = "\"$(SRCROOT)/../../../libs/glut/lib/osx\"";
				GCC_ENABLE_FIX_AND_CONTINUE = NO;
				GCC_GENERATE_DEBUGGING_SYMBOLS = NO;
				GCC_MODEL_TUNING = G4;
				GCC_PRECOMPILE_PREFIX_HEADER = YES;
				GCC_PREFIX_HEADER = "$(SYSTEM_LIBRARY_DIR)/Frameworks/Carbon.framework/Headers/Carbon.h";
				INFOPLIST_FILE = "openFrameworks-Info.plist";
				INSTALL_PATH = "$(HOME)/Applications";
				LIBRARY_SEARCH_PATHS = (
					"$(inherited)",
					"$(LIBRARY_SEARCH_PATHS_QUOTED_FOR_TARGET_1)",
					"$(LIBRARY_SEARCH_PATHS_QUOTED_FOR_TARGET_2)",
					"$(LIBRARY_SEARCH_PATHS_QUOTED_FOR_TARGET_3)",
					"$(LIBRARY_SEARCH_PATHS_QUOTED_FOR_TARGET_4)",
					"$(LIBRARY_SEARCH_PATHS_QUOTED_FOR_TARGET_5)",
					"$(LIBRARY_SEARCH_PATHS_QUOTED_FOR_TARGET_6)",
					"$(LIBRARY_SEARCH_PATHS_QUOTED_FOR_TARGET_7)",
					"$(LIBRARY_SEARCH_PATHS_QUOTED_FOR_TARGET_8)",
					"$(LIBRARY_SEARCH_PATHS_QUOTED_FOR_TARGET_9)",
					"$(LIBRARY_SEARCH_PATHS_QUOTED_FOR_TARGET_10)",
					"$(LIBRARY_SEARCH_PATHS_QUOTED_FOR_TARGET_11)",
					"$(LIBRARY_SEARCH_PATHS_QUOTED_FOR_TARGET_12)",
					"$(LIBRARY_SEARCH_PATHS_QUOTED_FOR_TARGET_13)",
					"$(LIBRARY_SEARCH_PATHS_QUOTED_FOR_TARGET_14)",
					"$(LIBRARY_SEARCH_PATHS_QUOTED_FOR_TARGET_15)",
					"$(LIBRARY_SEARCH_PATHS_QUOTED_FOR_TARGET_2)",
					"$(LIBRARY_SEARCH_PATHS_QUOTED_1)",
					"$(LIBRARY_SEARCH_PATHS_QUOTED_2)",
				);
				LIBRARY_SEARCH_PATHS_QUOTED_1 = "\"$(SRCROOT)/addons/ofxTuioWrapper/oscpack/lib/win32\"";
				LIBRARY_SEARCH_PATHS_QUOTED_2 = "\"$(SRCROOT)/addons/ofxTuioWrapper/oscpack/lib/osx\"";
				LIBRARY_SEARCH_PATHS_QUOTED_FOR_TARGET_1 = "\"$(SRCROOT)/../../../libs/freeimage/lib/osx\"";
				LIBRARY_SEARCH_PATHS_QUOTED_FOR_TARGET_14 = "\"$(SRCROOT)/../../../libs/fmodex/lib/osx\"";
				LIBRARY_SEARCH_PATHS_QUOTED_FOR_TARGET_15 = "\"$(SRCROOT)/../../../libs/freetype/lib/osx\"";
				LIBRARY_SEARCH_PATHS_QUOTED_FOR_TARGET_2 = "\"$(SRCROOT)/../../../libs/FreeImage/lib/osx\"";
				LIBRARY_SEARCH_PATHS_QUOTED_FOR_TARGET_4 = "\"$(SRCROOT)/../../../libs/GLee/lib/osx\"";
				LIBRARY_SEARCH_PATHS_QUOTED_FOR_TARGET_5 = "\"$(SRCROOT)/../../../libs/poco/lib/osx\"";
				LIBRARY_SEARCH_PATHS_QUOTED_FOR_TARGET_6 = "\"$(SRCROOT)/../../../libs/rtAudio/lib/osx\"";
				PREBINDING = NO;
				PRODUCT_NAME = ofxWebSimpleGuiTooExample;
				WRAPPER_EXTENSION = app;
				ZERO_LINK = NO;
			};
			name = Release;
		};
/* End XCBuildConfiguration section */

/* Begin XCConfigurationList section */
		E4B69B4D0A3A1720003C02F2 /* Build configuration list for PBXProject "ofxWebSimpleGuiTooExample" */ = {
			isa = XCConfigurationList;
			buildConfigurations = (
				E4B69B4E0A3A1720003C02F2 /* Debug */,
				E4B69B4F0A3A1720003C02F2 /* Release */,
				E4B27CA010CBF8A600536013 /* ReleaseUniversal */,
			);
			defaultConfigurationIsVisible = 0;
			defaultConfigurationName = Release;
		};
		E4B69B5F0A3A1757003C02F2 /* Build configuration list for PBXNativeTarget "ofxWebSimpleGuiTooExample" */ = {
			isa = XCConfigurationList;
			buildConfigurations = (
				E4B69B600A3A1757003C02F2 /* Debug */,
				E4B69B610A3A1757003C02F2 /* Release */,
				E4B27CA110CBF8A600536013 /* ReleaseUniversal */,
			);
			defaultConfigurationIsVisible = 0;
			defaultConfigurationName = Release;
		};
/* End XCConfigurationList section */
	};
	rootObject = E4B69B4C0A3A1720003C02F2 /* Project object */;
}
